// !$*UTF8*$!
{
	archiveVersion = 1;
	classes = {
	};
	objectVersion = 48;
	objects = {

/* Begin PBXBuildFile section */
		AC10EEB5211DD71B0093D3BE /* CoreBoostersDispatcher.swift in Sources */ = {isa = PBXBuildFile; fileRef = AC10EEB4211DD71B0093D3BE /* CoreBoostersDispatcher.swift */; };
		AC18E547211D94420065FBBC /* LaunchpadsRequests.swift in Sources */ = {isa = PBXBuildFile; fileRef = AC18E546211D94420065FBBC /* LaunchpadsRequests.swift */; };
		AC1A5CDE203430D7000A3618 /* Response.swift in Sources */ = {isa = PBXBuildFile; fileRef = AC1A5CDD203430D7000A3618 /* Response.swift */; };
		AC1A5CE0203430F2000A3618 /* NetworkError.swift in Sources */ = {isa = PBXBuildFile; fileRef = AC1A5CDF203430F2000A3618 /* NetworkError.swift */; };
		AC47C1C820AD83D5004C2D74 /* CompanyInfoRequests.swift in Sources */ = {isa = PBXBuildFile; fileRef = AC47C1C720AD83D5004C2D74 /* CompanyInfoRequests.swift */; };
		AC750373211859D100AED17B /* String+Extensions.swift in Sources */ = {isa = PBXBuildFile; fileRef = AC750372211859D100AED17B /* String+Extensions.swift */; };
		AC75037521185DD500AED17B /* Engines.swift in Sources */ = {isa = PBXBuildFile; fileRef = AC75037421185DD500AED17B /* Engines.swift */; };
		AC750377211866B300AED17B /* LandingLegs.swift in Sources */ = {isa = PBXBuildFile; fileRef = AC750376211866B300AED17B /* LandingLegs.swift */; };
		AC7503792119A28F00AED17B /* DateFormatter+Extensions.swift in Sources */ = {isa = PBXBuildFile; fileRef = AC7503782119A28F00AED17B /* DateFormatter+Extensions.swift */; };
		AC75037B2119B70D00AED17B /* RocketsRequests.swift in Sources */ = {isa = PBXBuildFile; fileRef = AC75037A2119B70D00AED17B /* RocketsRequests.swift */; };
		AC75037D2119B74700AED17B /* RocketsDispatcher.swift in Sources */ = {isa = PBXBuildFile; fileRef = AC75037C2119B74700AED17B /* RocketsDispatcher.swift */; };
		AC7503802119D93600AED17B /* HTTPURLResponse+Extensions.swift in Sources */ = {isa = PBXBuildFile; fileRef = AC75037F2119D93600AED17B /* HTTPURLResponse+Extensions.swift */; };
		AC7726B321216419000A3B5A /* QueryFilter.swift in Sources */ = {isa = PBXBuildFile; fileRef = AC7726B221216419000A3B5A /* QueryFilter.swift */; };
		AC88C8CC211DCB860093A813 /* DetailedItemRequest.swift in Sources */ = {isa = PBXBuildFile; fileRef = AC88C8CB211DCB860093A813 /* DetailedItemRequest.swift */; };
		AC88C8D0211DCD500093A813 /* CoreBoosterRequest.swift in Sources */ = {isa = PBXBuildFile; fileRef = AC88C8CF211DCD500093A813 /* CoreBoosterRequest.swift */; };
		AC88C8D2211DCDBB0093A813 /* CoreBoosterDispatcher.swift in Sources */ = {isa = PBXBuildFile; fileRef = AC88C8D1211DCDBB0093A813 /* CoreBoosterDispatcher.swift */; };
		AC88C8D5211DCE040093A813 /* CoreBooster.swift in Sources */ = {isa = PBXBuildFile; fileRef = AC88C8D4211DCE040093A813 /* CoreBooster.swift */; };
		AC88C8D8211DD4AF0093A813 /* CoreBoostersRequest.swift in Sources */ = {isa = PBXBuildFile; fileRef = AC88C8D7211DD4AF0093A813 /* CoreBoostersRequest.swift */; };
		AC8FA092211DA8D3009F5D9C /* SynchronizedArray.swift in Sources */ = {isa = PBXBuildFile; fileRef = AC8FA091211DA8D3009F5D9C /* SynchronizedArray.swift */; };
		AC9380FC2107674A00880E07 /* RocketRequests.swift in Sources */ = {isa = PBXBuildFile; fileRef = AC9380FB2107674A00880E07 /* RocketRequests.swift */; };
		AC9380FE21076A3C00880E07 /* RocketDispatcher.swift in Sources */ = {isa = PBXBuildFile; fileRef = AC9380FD21076A3C00880E07 /* RocketDispatcher.swift */; };
		AC93810221076A8B00880E07 /* Rocket.swift in Sources */ = {isa = PBXBuildFile; fileRef = AC93810121076A8B00880E07 /* Rocket.swift */; };
		AC93810521076C7400880E07 /* Distance.swift in Sources */ = {isa = PBXBuildFile; fileRef = AC93810421076C7400880E07 /* Distance.swift */; };
		AC93810721076C9B00880E07 /* Mass.swift in Sources */ = {isa = PBXBuildFile; fileRef = AC93810621076C9B00880E07 /* Mass.swift */; };
		ACD76E312108B8F700F4CD14 /* Measurement.swift in Sources */ = {isa = PBXBuildFile; fileRef = ACD76E302108B8F700F4CD14 /* Measurement.swift */; };
		ACD76E332108C15C00F4CD14 /* PayloadWeight.swift in Sources */ = {isa = PBXBuildFile; fileRef = ACD76E322108C15C00F4CD14 /* PayloadWeight.swift */; };
		ACD76E352108C39000F4CD14 /* Thrust.swift in Sources */ = {isa = PBXBuildFile; fileRef = ACD76E342108C39000F4CD14 /* Thrust.swift */; };
		ACD76E372108C3F700F4CD14 /* RocketStage.swift in Sources */ = {isa = PBXBuildFile; fileRef = ACD76E362108C3F700F4CD14 /* RocketStage.swift */; };
		ACD76E392108C62500F4CD14 /* RocketFirstStage.swift in Sources */ = {isa = PBXBuildFile; fileRef = ACD76E382108C62500F4CD14 /* RocketFirstStage.swift */; };
		ACD76E3B2108C7D700F4CD14 /* RocketSecondStage.swift in Sources */ = {isa = PBXBuildFile; fileRef = ACD76E3A2108C7D700F4CD14 /* RocketSecondStage.swift */; };
		ACD76E3D2108C86600F4CD14 /* Payloads.swift in Sources */ = {isa = PBXBuildFile; fileRef = ACD76E3C2108C86600F4CD14 /* Payloads.swift */; };
		ACD76E3F2108C88700F4CD14 /* CompositeFairing.swift in Sources */ = {isa = PBXBuildFile; fileRef = ACD76E3E2108C88700F4CD14 /* CompositeFairing.swift */; };
		ACDA35052034B71000A06795 /* Dispatcher.swift in Sources */ = {isa = PBXBuildFile; fileRef = ACDA35042034B71000A06795 /* Dispatcher.swift */; };
		ACE20863211B01C200F27DC5 /* RoadsterInfo.swift in Sources */ = {isa = PBXBuildFile; fileRef = ACE20862211B01C200F27DC5 /* RoadsterInfo.swift */; };
		ACE20865211B038B00F27DC5 /* Speed.swift in Sources */ = {isa = PBXBuildFile; fileRef = ACE20864211B038B00F27DC5 /* Speed.swift */; };
		ACE20868211B233000F27DC5 /* RoadsterInfoRequests.swift in Sources */ = {isa = PBXBuildFile; fileRef = ACE20867211B233000F27DC5 /* RoadsterInfoRequests.swift */; };
		ACE2086A211B239200F27DC5 /* RoadsterInfoDispatcher.swift in Sources */ = {isa = PBXBuildFile; fileRef = ACE20869211B239200F27DC5 /* RoadsterInfoDispatcher.swift */; };
		ACE3C89E2107224900C9EEE7 /* CompanyInfoDispatcher.swift in Sources */ = {isa = PBXBuildFile; fileRef = ACE3C89D2107224900C9EEE7 /* CompanyInfoDispatcher.swift */; };
		ACF3F678211D94D1007E738E /* LaunchpadsDispatcher.swift in Sources */ = {isa = PBXBuildFile; fileRef = ACF3F677211D94D1007E738E /* LaunchpadsDispatcher.swift */; };
		ACF3F67B211D951C007E738E /* Launchpad.swift in Sources */ = {isa = PBXBuildFile; fileRef = ACF3F67A211D951C007E738E /* Launchpad.swift */; };
		ACF3F67F211D9666007E738E /* Location.swift in Sources */ = {isa = PBXBuildFile; fileRef = ACF3F67E211D9666007E738E /* Location.swift */; };
		ACF3F684211D9949007E738E /* LaunchpadRequest.swift in Sources */ = {isa = PBXBuildFile; fileRef = ACF3F683211D9949007E738E /* LaunchpadRequest.swift */; };
		ACF3F686211D9ED8007E738E /* LaunchpadDispatcher.swift in Sources */ = {isa = PBXBuildFile; fileRef = ACF3F685211D9ED7007E738E /* LaunchpadDispatcher.swift */; };
		ACF3F689211DA2F9007E738E /* NetworkActivityIndicatorManager.swift in Sources */ = {isa = PBXBuildFile; fileRef = ACF3F688211DA2F9007E738E /* NetworkActivityIndicatorManager.swift */; };
		DD641EA22031760A0094B7A2 /* AppDelegate.swift in Sources */ = {isa = PBXBuildFile; fileRef = DD641EA12031760A0094B7A2 /* AppDelegate.swift */; };
		DD641EA42031760A0094B7A2 /* ViewController.swift in Sources */ = {isa = PBXBuildFile; fileRef = DD641EA32031760A0094B7A2 /* ViewController.swift */; };
		DD641EA72031760A0094B7A2 /* Main.storyboard in Resources */ = {isa = PBXBuildFile; fileRef = DD641EA52031760A0094B7A2 /* Main.storyboard */; };
		DD641EA92031760A0094B7A2 /* Assets.xcassets in Resources */ = {isa = PBXBuildFile; fileRef = DD641EA82031760A0094B7A2 /* Assets.xcassets */; };
		DD641EAC2031760A0094B7A2 /* LaunchScreen.storyboard in Resources */ = {isa = PBXBuildFile; fileRef = DD641EAA2031760A0094B7A2 /* LaunchScreen.storyboard */; };
		DD641EB72031760A0094B7A2 /* SpaceX_DataTests.swift in Sources */ = {isa = PBXBuildFile; fileRef = DD641EB62031760A0094B7A2 /* SpaceX_DataTests.swift */; };
		DD641EBC2031760A0094B7A2 /* SpaceX Data WatchKit App.app in Embed Watch Content */ = {isa = PBXBuildFile; fileRef = DD641EBB2031760A0094B7A2 /* SpaceX Data WatchKit App.app */; };
		DD641EC22031760A0094B7A2 /* Interface.storyboard in Resources */ = {isa = PBXBuildFile; fileRef = DD641EC02031760A0094B7A2 /* Interface.storyboard */; };
		DD641EC42031760A0094B7A2 /* Assets.xcassets in Resources */ = {isa = PBXBuildFile; fileRef = DD641EC32031760A0094B7A2 /* Assets.xcassets */; };
		DD641ECB2031760A0094B7A2 /* SpaceX Data WatchKit Extension.appex in Embed App Extensions */ = {isa = PBXBuildFile; fileRef = DD641ECA2031760A0094B7A2 /* SpaceX Data WatchKit Extension.appex */; settings = {ATTRIBUTES = (RemoveHeadersOnCopy, ); }; };
		DD641ED02031760A0094B7A2 /* InterfaceController.swift in Sources */ = {isa = PBXBuildFile; fileRef = DD641ECF2031760A0094B7A2 /* InterfaceController.swift */; };
		DD641ED22031760A0094B7A2 /* ExtensionDelegate.swift in Sources */ = {isa = PBXBuildFile; fileRef = DD641ED12031760A0094B7A2 /* ExtensionDelegate.swift */; };
		DD641ED42031760A0094B7A2 /* Assets.xcassets in Resources */ = {isa = PBXBuildFile; fileRef = DD641ED32031760A0094B7A2 /* Assets.xcassets */; };
		DD641EEA20318EFE0094B7A2 /* Request.swift in Sources */ = {isa = PBXBuildFile; fileRef = DD641EE920318EFE0094B7A2 /* Request.swift */; };
		DD641EF1203191770094B7A2 /* CompanyInfo.swift in Sources */ = {isa = PBXBuildFile; fileRef = DD641EF0203191770094B7A2 /* CompanyInfo.swift */; };
		DD641EF3203192B90094B7A2 /* Address.swift in Sources */ = {isa = PBXBuildFile; fileRef = DD641EF2203192B90094B7A2 /* Address.swift */; };
/* End PBXBuildFile section */

/* Begin PBXContainerItemProxy section */
		DD641EB32031760A0094B7A2 /* PBXContainerItemProxy */ = {
			isa = PBXContainerItemProxy;
			containerPortal = DD641E962031760A0094B7A2 /* Project object */;
			proxyType = 1;
			remoteGlobalIDString = DD641E9D2031760A0094B7A2;
			remoteInfo = "SpaceX Data";
		};
		DD641EBD2031760A0094B7A2 /* PBXContainerItemProxy */ = {
			isa = PBXContainerItemProxy;
			containerPortal = DD641E962031760A0094B7A2 /* Project object */;
			proxyType = 1;
			remoteGlobalIDString = DD641EBA2031760A0094B7A2;
			remoteInfo = "SpaceX Data WatchKit App";
		};
		DD641ECC2031760A0094B7A2 /* PBXContainerItemProxy */ = {
			isa = PBXContainerItemProxy;
			containerPortal = DD641E962031760A0094B7A2 /* Project object */;
			proxyType = 1;
			remoteGlobalIDString = DD641EC92031760A0094B7A2;
			remoteInfo = "SpaceX Data WatchKit Extension";
		};
/* End PBXContainerItemProxy section */

/* Begin PBXCopyFilesBuildPhase section */
		DD641EDB2031760A0094B7A2 /* Embed App Extensions */ = {
			isa = PBXCopyFilesBuildPhase;
			buildActionMask = 2147483647;
			dstPath = "";
			dstSubfolderSpec = 13;
			files = (
				DD641ECB2031760A0094B7A2 /* SpaceX Data WatchKit Extension.appex in Embed App Extensions */,
			);
			name = "Embed App Extensions";
			runOnlyForDeploymentPostprocessing = 0;
		};
		DD641EDF2031760A0094B7A2 /* Embed Watch Content */ = {
			isa = PBXCopyFilesBuildPhase;
			buildActionMask = 2147483647;
			dstPath = "$(CONTENTS_FOLDER_PATH)/Watch";
			dstSubfolderSpec = 16;
			files = (
				DD641EBC2031760A0094B7A2 /* SpaceX Data WatchKit App.app in Embed Watch Content */,
			);
			name = "Embed Watch Content";
			runOnlyForDeploymentPostprocessing = 0;
		};
/* End PBXCopyFilesBuildPhase section */

/* Begin PBXFileReference section */
		AC10EEB4211DD71B0093D3BE /* CoreBoostersDispatcher.swift */ = {isa = PBXFileReference; lastKnownFileType = sourcecode.swift; path = CoreBoostersDispatcher.swift; sourceTree = "<group>"; };
		AC18E546211D94420065FBBC /* LaunchpadsRequests.swift */ = {isa = PBXFileReference; lastKnownFileType = sourcecode.swift; path = LaunchpadsRequests.swift; sourceTree = "<group>"; };
		AC1A5CDD203430D7000A3618 /* Response.swift */ = {isa = PBXFileReference; lastKnownFileType = sourcecode.swift; path = Response.swift; sourceTree = "<group>"; };
		AC1A5CDF203430F2000A3618 /* NetworkError.swift */ = {isa = PBXFileReference; lastKnownFileType = sourcecode.swift; path = NetworkError.swift; sourceTree = "<group>"; };
		AC47C1C720AD83D5004C2D74 /* CompanyInfoRequests.swift */ = {isa = PBXFileReference; lastKnownFileType = sourcecode.swift; path = CompanyInfoRequests.swift; sourceTree = "<group>"; };
		AC750372211859D100AED17B /* String+Extensions.swift */ = {isa = PBXFileReference; lastKnownFileType = sourcecode.swift; path = "String+Extensions.swift"; sourceTree = "<group>"; };
		AC75037421185DD500AED17B /* Engines.swift */ = {isa = PBXFileReference; lastKnownFileType = sourcecode.swift; path = Engines.swift; sourceTree = "<group>"; };
		AC750376211866B300AED17B /* LandingLegs.swift */ = {isa = PBXFileReference; lastKnownFileType = sourcecode.swift; path = LandingLegs.swift; sourceTree = "<group>"; };
		AC7503782119A28F00AED17B /* DateFormatter+Extensions.swift */ = {isa = PBXFileReference; lastKnownFileType = sourcecode.swift; path = "DateFormatter+Extensions.swift"; sourceTree = "<group>"; };
		AC75037A2119B70D00AED17B /* RocketsRequests.swift */ = {isa = PBXFileReference; lastKnownFileType = sourcecode.swift; path = RocketsRequests.swift; sourceTree = "<group>"; };
		AC75037C2119B74700AED17B /* RocketsDispatcher.swift */ = {isa = PBXFileReference; lastKnownFileType = sourcecode.swift; path = RocketsDispatcher.swift; sourceTree = "<group>"; };
		AC75037F2119D93600AED17B /* HTTPURLResponse+Extensions.swift */ = {isa = PBXFileReference; lastKnownFileType = sourcecode.swift; path = "HTTPURLResponse+Extensions.swift"; sourceTree = "<group>"; };
		AC7726B221216419000A3B5A /* QueryFilter.swift */ = {isa = PBXFileReference; lastKnownFileType = sourcecode.swift; path = QueryFilter.swift; sourceTree = "<group>"; };
		AC88C8CB211DCB860093A813 /* DetailedItemRequest.swift */ = {isa = PBXFileReference; lastKnownFileType = sourcecode.swift; path = DetailedItemRequest.swift; sourceTree = "<group>"; };
		AC88C8CF211DCD500093A813 /* CoreBoosterRequest.swift */ = {isa = PBXFileReference; lastKnownFileType = sourcecode.swift; path = CoreBoosterRequest.swift; sourceTree = "<group>"; };
		AC88C8D1211DCDBB0093A813 /* CoreBoosterDispatcher.swift */ = {isa = PBXFileReference; lastKnownFileType = sourcecode.swift; path = CoreBoosterDispatcher.swift; sourceTree = "<group>"; };
		AC88C8D4211DCE040093A813 /* CoreBooster.swift */ = {isa = PBXFileReference; lastKnownFileType = sourcecode.swift; path = CoreBooster.swift; sourceTree = "<group>"; };
		AC88C8D7211DD4AF0093A813 /* CoreBoostersRequest.swift */ = {isa = PBXFileReference; lastKnownFileType = sourcecode.swift; path = CoreBoostersRequest.swift; sourceTree = "<group>"; };
		AC8FA091211DA8D3009F5D9C /* SynchronizedArray.swift */ = {isa = PBXFileReference; lastKnownFileType = sourcecode.swift; path = SynchronizedArray.swift; sourceTree = "<group>"; };
		AC9380FB2107674A00880E07 /* RocketRequests.swift */ = {isa = PBXFileReference; lastKnownFileType = sourcecode.swift; path = RocketRequests.swift; sourceTree = "<group>"; };
		AC9380FD21076A3C00880E07 /* RocketDispatcher.swift */ = {isa = PBXFileReference; lastKnownFileType = sourcecode.swift; path = RocketDispatcher.swift; sourceTree = "<group>"; };
		AC93810121076A8B00880E07 /* Rocket.swift */ = {isa = PBXFileReference; lastKnownFileType = sourcecode.swift; path = Rocket.swift; sourceTree = "<group>"; };
		AC93810421076C7400880E07 /* Distance.swift */ = {isa = PBXFileReference; lastKnownFileType = sourcecode.swift; path = Distance.swift; sourceTree = "<group>"; };
		AC93810621076C9B00880E07 /* Mass.swift */ = {isa = PBXFileReference; lastKnownFileType = sourcecode.swift; path = Mass.swift; sourceTree = "<group>"; };
		ACD76E302108B8F700F4CD14 /* Measurement.swift */ = {isa = PBXFileReference; lastKnownFileType = sourcecode.swift; path = Measurement.swift; sourceTree = "<group>"; };
		ACD76E322108C15C00F4CD14 /* PayloadWeight.swift */ = {isa = PBXFileReference; lastKnownFileType = sourcecode.swift; path = PayloadWeight.swift; sourceTree = "<group>"; };
		ACD76E342108C39000F4CD14 /* Thrust.swift */ = {isa = PBXFileReference; lastKnownFileType = sourcecode.swift; path = Thrust.swift; sourceTree = "<group>"; };
		ACD76E362108C3F700F4CD14 /* RocketStage.swift */ = {isa = PBXFileReference; lastKnownFileType = sourcecode.swift; path = RocketStage.swift; sourceTree = "<group>"; };
		ACD76E382108C62500F4CD14 /* RocketFirstStage.swift */ = {isa = PBXFileReference; lastKnownFileType = sourcecode.swift; path = RocketFirstStage.swift; sourceTree = "<group>"; };
		ACD76E3A2108C7D700F4CD14 /* RocketSecondStage.swift */ = {isa = PBXFileReference; lastKnownFileType = sourcecode.swift; path = RocketSecondStage.swift; sourceTree = "<group>"; };
		ACD76E3C2108C86600F4CD14 /* Payloads.swift */ = {isa = PBXFileReference; lastKnownFileType = sourcecode.swift; path = Payloads.swift; sourceTree = "<group>"; };
		ACD76E3E2108C88700F4CD14 /* CompositeFairing.swift */ = {isa = PBXFileReference; lastKnownFileType = sourcecode.swift; path = CompositeFairing.swift; sourceTree = "<group>"; };
		ACDA35042034B71000A06795 /* Dispatcher.swift */ = {isa = PBXFileReference; lastKnownFileType = sourcecode.swift; path = Dispatcher.swift; sourceTree = "<group>"; };
		ACE20862211B01C200F27DC5 /* RoadsterInfo.swift */ = {isa = PBXFileReference; lastKnownFileType = sourcecode.swift; path = RoadsterInfo.swift; sourceTree = "<group>"; };
		ACE20864211B038B00F27DC5 /* Speed.swift */ = {isa = PBXFileReference; lastKnownFileType = sourcecode.swift; path = Speed.swift; sourceTree = "<group>"; };
		ACE20867211B233000F27DC5 /* RoadsterInfoRequests.swift */ = {isa = PBXFileReference; lastKnownFileType = sourcecode.swift; path = RoadsterInfoRequests.swift; sourceTree = "<group>"; };
		ACE20869211B239200F27DC5 /* RoadsterInfoDispatcher.swift */ = {isa = PBXFileReference; lastKnownFileType = sourcecode.swift; path = RoadsterInfoDispatcher.swift; sourceTree = "<group>"; };
		ACE3C89D2107224900C9EEE7 /* CompanyInfoDispatcher.swift */ = {isa = PBXFileReference; lastKnownFileType = sourcecode.swift; path = CompanyInfoDispatcher.swift; sourceTree = "<group>"; };
		ACF3F677211D94D1007E738E /* LaunchpadsDispatcher.swift */ = {isa = PBXFileReference; lastKnownFileType = sourcecode.swift; path = LaunchpadsDispatcher.swift; sourceTree = "<group>"; };
		ACF3F67A211D951C007E738E /* Launchpad.swift */ = {isa = PBXFileReference; lastKnownFileType = sourcecode.swift; path = Launchpad.swift; sourceTree = "<group>"; };
		ACF3F67E211D9666007E738E /* Location.swift */ = {isa = PBXFileReference; lastKnownFileType = sourcecode.swift; path = Location.swift; sourceTree = "<group>"; };
		ACF3F683211D9949007E738E /* LaunchpadRequest.swift */ = {isa = PBXFileReference; lastKnownFileType = sourcecode.swift; name = LaunchpadRequest.swift; path = "SpaceX Data/Models/Common models/Geographic models/LaunchpadRequest.swift"; sourceTree = SOURCE_ROOT; };
		ACF3F685211D9ED7007E738E /* LaunchpadDispatcher.swift */ = {isa = PBXFileReference; lastKnownFileType = sourcecode.swift; name = LaunchpadDispatcher.swift; path = "SpaceX Data/Models/Common models/Geographic models/LaunchpadDispatcher.swift"; sourceTree = SOURCE_ROOT; };
		ACF3F688211DA2F9007E738E /* NetworkActivityIndicatorManager.swift */ = {isa = PBXFileReference; lastKnownFileType = sourcecode.swift; path = NetworkActivityIndicatorManager.swift; sourceTree = "<group>"; };
		DD641E9E2031760A0094B7A2 /* SpaceX Data.app */ = {isa = PBXFileReference; explicitFileType = wrapper.application; includeInIndex = 0; path = "SpaceX Data.app"; sourceTree = BUILT_PRODUCTS_DIR; };
		DD641EA12031760A0094B7A2 /* AppDelegate.swift */ = {isa = PBXFileReference; lastKnownFileType = sourcecode.swift; path = AppDelegate.swift; sourceTree = "<group>"; };
		DD641EA32031760A0094B7A2 /* ViewController.swift */ = {isa = PBXFileReference; lastKnownFileType = sourcecode.swift; path = ViewController.swift; sourceTree = "<group>"; };
		DD641EA62031760A0094B7A2 /* Base */ = {isa = PBXFileReference; lastKnownFileType = file.storyboard; name = Base; path = Base.lproj/Main.storyboard; sourceTree = "<group>"; };
		DD641EA82031760A0094B7A2 /* Assets.xcassets */ = {isa = PBXFileReference; lastKnownFileType = folder.assetcatalog; path = Assets.xcassets; sourceTree = "<group>"; };
		DD641EAB2031760A0094B7A2 /* Base */ = {isa = PBXFileReference; lastKnownFileType = file.storyboard; name = Base; path = Base.lproj/LaunchScreen.storyboard; sourceTree = "<group>"; };
		DD641EAD2031760A0094B7A2 /* Info.plist */ = {isa = PBXFileReference; lastKnownFileType = text.plist.xml; path = Info.plist; sourceTree = "<group>"; };
		DD641EB22031760A0094B7A2 /* SpaceX DataTests.xctest */ = {isa = PBXFileReference; explicitFileType = wrapper.cfbundle; includeInIndex = 0; path = "SpaceX DataTests.xctest"; sourceTree = BUILT_PRODUCTS_DIR; };
		DD641EB62031760A0094B7A2 /* SpaceX_DataTests.swift */ = {isa = PBXFileReference; lastKnownFileType = sourcecode.swift; path = SpaceX_DataTests.swift; sourceTree = "<group>"; };
		DD641EB82031760A0094B7A2 /* Info.plist */ = {isa = PBXFileReference; lastKnownFileType = text.plist.xml; path = Info.plist; sourceTree = "<group>"; };
		DD641EBB2031760A0094B7A2 /* SpaceX Data WatchKit App.app */ = {isa = PBXFileReference; explicitFileType = wrapper.application; includeInIndex = 0; path = "SpaceX Data WatchKit App.app"; sourceTree = BUILT_PRODUCTS_DIR; };
		DD641EC12031760A0094B7A2 /* Base */ = {isa = PBXFileReference; lastKnownFileType = file.storyboard; name = Base; path = Base.lproj/Interface.storyboard; sourceTree = "<group>"; };
		DD641EC32031760A0094B7A2 /* Assets.xcassets */ = {isa = PBXFileReference; lastKnownFileType = folder.assetcatalog; path = Assets.xcassets; sourceTree = "<group>"; };
		DD641EC52031760A0094B7A2 /* Info.plist */ = {isa = PBXFileReference; lastKnownFileType = text.plist.xml; path = Info.plist; sourceTree = "<group>"; };
		DD641ECA2031760A0094B7A2 /* SpaceX Data WatchKit Extension.appex */ = {isa = PBXFileReference; explicitFileType = "wrapper.app-extension"; includeInIndex = 0; path = "SpaceX Data WatchKit Extension.appex"; sourceTree = BUILT_PRODUCTS_DIR; };
		DD641ECF2031760A0094B7A2 /* InterfaceController.swift */ = {isa = PBXFileReference; lastKnownFileType = sourcecode.swift; path = InterfaceController.swift; sourceTree = "<group>"; };
		DD641ED12031760A0094B7A2 /* ExtensionDelegate.swift */ = {isa = PBXFileReference; lastKnownFileType = sourcecode.swift; path = ExtensionDelegate.swift; sourceTree = "<group>"; };
		DD641ED32031760A0094B7A2 /* Assets.xcassets */ = {isa = PBXFileReference; lastKnownFileType = folder.assetcatalog; path = Assets.xcassets; sourceTree = "<group>"; };
		DD641ED52031760A0094B7A2 /* Info.plist */ = {isa = PBXFileReference; lastKnownFileType = text.plist.xml; path = Info.plist; sourceTree = "<group>"; };
		DD641EE920318EFE0094B7A2 /* Request.swift */ = {isa = PBXFileReference; lastKnownFileType = sourcecode.swift; path = Request.swift; sourceTree = "<group>"; };
		DD641EF0203191770094B7A2 /* CompanyInfo.swift */ = {isa = PBXFileReference; lastKnownFileType = sourcecode.swift; path = CompanyInfo.swift; sourceTree = "<group>"; };
		DD641EF2203192B90094B7A2 /* Address.swift */ = {isa = PBXFileReference; lastKnownFileType = sourcecode.swift; path = Address.swift; sourceTree = "<group>"; };
/* End PBXFileReference section */

/* Begin PBXFrameworksBuildPhase section */
		DD641E9B2031760A0094B7A2 /* Frameworks */ = {
			isa = PBXFrameworksBuildPhase;
			buildActionMask = 2147483647;
			files = (
			);
			runOnlyForDeploymentPostprocessing = 0;
		};
		DD641EAF2031760A0094B7A2 /* Frameworks */ = {
			isa = PBXFrameworksBuildPhase;
			buildActionMask = 2147483647;
			files = (
			);
			runOnlyForDeploymentPostprocessing = 0;
		};
		DD641EC72031760A0094B7A2 /* Frameworks */ = {
			isa = PBXFrameworksBuildPhase;
			buildActionMask = 2147483647;
			files = (
			);
			runOnlyForDeploymentPostprocessing = 0;
		};
/* End PBXFrameworksBuildPhase section */

/* Begin PBXGroup section */
		AC18E545211D94020065FBBC /* All Launchpads */ = {
			isa = PBXGroup;
			children = (
				AC18E546211D94420065FBBC /* LaunchpadsRequests.swift */,
				ACF3F677211D94D1007E738E /* LaunchpadsDispatcher.swift */,
			);
			path = "All Launchpads";
			sourceTree = "<group>";
		};
		AC750371211859C200AED17B /* Extensions */ = {
			isa = PBXGroup;
			children = (
				AC750372211859D100AED17B /* String+Extensions.swift */,
				AC7503782119A28F00AED17B /* DateFormatter+Extensions.swift */,
				AC75037F2119D93600AED17B /* HTTPURLResponse+Extensions.swift */,
			);
			path = Extensions;
			sourceTree = "<group>";
		};
		AC75037E2119B79B00AED17B /* Single Rocket */ = {
			isa = PBXGroup;
			children = (
				AC9380FB2107674A00880E07 /* RocketRequests.swift */,
				AC9380FD21076A3C00880E07 /* RocketDispatcher.swift */,
			);
			path = "Single Rocket";
			sourceTree = "<group>";
		};
		AC7503812119DA5600AED17B /* Base abstractions */ = {
			isa = PBXGroup;
			children = (
				ACDA35042034B71000A06795 /* Dispatcher.swift */,
				DD641EE920318EFE0094B7A2 /* Request.swift */,
				AC88C8CB211DCB860093A813 /* DetailedItemRequest.swift */,
				AC1A5CDD203430D7000A3618 /* Response.swift */,
				AC1A5CDF203430F2000A3618 /* NetworkError.swift */,
				AC7726B221216419000A3B5A /* QueryFilter.swift */,
			);
			path = "Base abstractions";
			sourceTree = "<group>";
		};
		AC88C8CD211DCD340093A813 /* Core boosters */ = {
			isa = PBXGroup;
			children = (
				AC88C8CE211DCD440093A813 /* Single core booster */,
				AC88C8D6211DD4880093A813 /* Multiple core booster */,
			);
			path = "Core boosters";
			sourceTree = "<group>";
		};
		AC88C8CE211DCD440093A813 /* Single core booster */ = {
			isa = PBXGroup;
			children = (
				AC88C8CF211DCD500093A813 /* CoreBoosterRequest.swift */,
				AC88C8D1211DCDBB0093A813 /* CoreBoosterDispatcher.swift */,
			);
			path = "Single core booster";
			sourceTree = "<group>";
		};
		AC88C8D3211DCDF50093A813 /* Core booster */ = {
			isa = PBXGroup;
			children = (
				AC88C8D4211DCE040093A813 /* CoreBooster.swift */,
			);
			path = "Core booster";
			sourceTree = "<group>";
		};
		AC88C8D6211DD4880093A813 /* Multiple core booster */ = {
			isa = PBXGroup;
			children = (
				AC88C8D7211DD4AF0093A813 /* CoreBoostersRequest.swift */,
				AC10EEB4211DD71B0093D3BE /* CoreBoostersDispatcher.swift */,
			);
			path = "Multiple core booster";
			sourceTree = "<group>";
		};
		AC9380FA2107673700880E07 /* All Rockets */ = {
			isa = PBXGroup;
			children = (
				AC75037A2119B70D00AED17B /* RocketsRequests.swift */,
				AC75037C2119B74700AED17B /* RocketsDispatcher.swift */,
			);
			path = "All Rockets";
			sourceTree = "<group>";
		};
		AC9380FF21076A6B00880E07 /* CompanyInfo */ = {
			isa = PBXGroup;
			children = (
				DD641EF0203191770094B7A2 /* CompanyInfo.swift */,
			);
			path = CompanyInfo;
			sourceTree = "<group>";
		};
		AC93810021076A8100880E07 /* Rockets */ = {
			isa = PBXGroup;
			children = (
				AC93810121076A8B00880E07 /* Rocket.swift */,
				ACD76E362108C3F700F4CD14 /* RocketStage.swift */,
				ACD76E382108C62500F4CD14 /* RocketFirstStage.swift */,
				ACD76E3A2108C7D700F4CD14 /* RocketSecondStage.swift */,
				ACD76E322108C15C00F4CD14 /* PayloadWeight.swift */,
				ACD76E3C2108C86600F4CD14 /* Payloads.swift */,
				ACD76E3E2108C88700F4CD14 /* CompositeFairing.swift */,
				AC75037421185DD500AED17B /* Engines.swift */,
				AC750376211866B300AED17B /* LandingLegs.swift */,
			);
			path = Rockets;
			sourceTree = "<group>";
		};
		AC93810321076C6300880E07 /* Measurements */ = {
			isa = PBXGroup;
			children = (
				ACD76E302108B8F700F4CD14 /* Measurement.swift */,
				AC93810421076C7400880E07 /* Distance.swift */,
				AC93810621076C9B00880E07 /* Mass.swift */,
				ACD76E342108C39000F4CD14 /* Thrust.swift */,
				ACE20864211B038B00F27DC5 /* Speed.swift */,
			);
			path = Measurements;
			sourceTree = "<group>";
		};
		ACE20861211B019400F27DC5 /* RoadsterInfo */ = {
			isa = PBXGroup;
			children = (
				ACE20862211B01C200F27DC5 /* RoadsterInfo.swift */,
			);
			path = RoadsterInfo;
			sourceTree = "<group>";
		};
		ACE20866211B231A00F27DC5 /* Roadster Info */ = {
			isa = PBXGroup;
			children = (
				ACE20867211B233000F27DC5 /* RoadsterInfoRequests.swift */,
				ACE20869211B239200F27DC5 /* RoadsterInfoDispatcher.swift */,
			);
			path = "Roadster Info";
			sourceTree = "<group>";
		};
		ACE3C89C2107223600C9EEE7 /* Company Info */ = {
			isa = PBXGroup;
			children = (
				AC47C1C720AD83D5004C2D74 /* CompanyInfoRequests.swift */,
				ACE3C89D2107224900C9EEE7 /* CompanyInfoDispatcher.swift */,
			);
			path = "Company Info";
			sourceTree = "<group>";
		};
		ACF3F679211D9500007E738E /* Launchpad */ = {
			isa = PBXGroup;
			children = (
				ACF3F67A211D951C007E738E /* Launchpad.swift */,
			);
			path = Launchpad;
			sourceTree = "<group>";
		};
		ACF3F67C211D95F5007E738E /* Common models */ = {
			isa = PBXGroup;
			children = (
				ACF3F67D211D9608007E738E /* Geographic models */,
				AC93810321076C6300880E07 /* Measurements */,
			);
			path = "Common models";
			sourceTree = "<group>";
		};
		ACF3F67D211D9608007E738E /* Geographic models */ = {
			isa = PBXGroup;
			children = (
				DD641EF2203192B90094B7A2 /* Address.swift */,
				ACF3F67E211D9666007E738E /* Location.swift */,
			);
			path = "Geographic models";
			sourceTree = "<group>";
		};
		ACF3F680211D9918007E738E /* Rockets */ = {
			isa = PBXGroup;
			children = (
				AC75037E2119B79B00AED17B /* Single Rocket */,
				AC9380FA2107673700880E07 /* All Rockets */,
			);
			path = Rockets;
			sourceTree = "<group>";
		};
		ACF3F681211D9930007E738E /* Launchpads */ = {
			isa = PBXGroup;
			children = (
				ACF3F682211D993C007E738E /* Single Launchpad */,
				AC18E545211D94020065FBBC /* All Launchpads */,
			);
			path = Launchpads;
			sourceTree = "<group>";
		};
		ACF3F682211D993C007E738E /* Single Launchpad */ = {
			isa = PBXGroup;
			children = (
				ACF3F683211D9949007E738E /* LaunchpadRequest.swift */,
				ACF3F685211D9ED7007E738E /* LaunchpadDispatcher.swift */,
			);
			path = "Single Launchpad";
			sourceTree = "<group>";
		};
		ACF3F687211DA2B8007E738E /* Network activity indicator manager */ = {
			isa = PBXGroup;
			children = (
				ACF3F688211DA2F9007E738E /* NetworkActivityIndicatorManager.swift */,
			);
			path = "Network activity indicator manager";
			sourceTree = "<group>";
		};
		ACF3F68A211DA863007E738E /* Helpers */ = {
			isa = PBXGroup;
			children = (
				AC8FA091211DA8D3009F5D9C /* SynchronizedArray.swift */,
			);
			path = Helpers;
			sourceTree = "<group>";
		};
		DD641E952031760A0094B7A2 = {
			isa = PBXGroup;
			children = (
				DD641EA02031760A0094B7A2 /* SpaceX Data */,
				DD641EB52031760A0094B7A2 /* SpaceX DataTests */,
				DD641EBF2031760A0094B7A2 /* SpaceX Data WatchKit App */,
				DD641ECE2031760A0094B7A2 /* SpaceX Data WatchKit Extension */,
				DD641E9F2031760A0094B7A2 /* Products */,
			);
			sourceTree = "<group>";
		};
		DD641E9F2031760A0094B7A2 /* Products */ = {
			isa = PBXGroup;
			children = (
				DD641E9E2031760A0094B7A2 /* SpaceX Data.app */,
				DD641EB22031760A0094B7A2 /* SpaceX DataTests.xctest */,
				DD641EBB2031760A0094B7A2 /* SpaceX Data WatchKit App.app */,
				DD641ECA2031760A0094B7A2 /* SpaceX Data WatchKit Extension.appex */,
			);
			name = Products;
			sourceTree = "<group>";
		};
		DD641EA02031760A0094B7A2 /* SpaceX Data */ = {
			isa = PBXGroup;
			children = (
				ACF3F68A211DA863007E738E /* Helpers */,
				AC750371211859C200AED17B /* Extensions */,
				DD641EEF203191630094B7A2 /* Models */,
				DD641EE8203179140094B7A2 /* Networking */,
				DD641EA12031760A0094B7A2 /* AppDelegate.swift */,
				DD641EA32031760A0094B7A2 /* ViewController.swift */,
				DD641EA52031760A0094B7A2 /* Main.storyboard */,
				DD641EA82031760A0094B7A2 /* Assets.xcassets */,
				DD641EAA2031760A0094B7A2 /* LaunchScreen.storyboard */,
				DD641EAD2031760A0094B7A2 /* Info.plist */,
			);
			path = "SpaceX Data";
			sourceTree = "<group>";
		};
		DD641EB52031760A0094B7A2 /* SpaceX DataTests */ = {
			isa = PBXGroup;
			children = (
				DD641EB62031760A0094B7A2 /* SpaceX_DataTests.swift */,
				DD641EB82031760A0094B7A2 /* Info.plist */,
			);
			path = "SpaceX DataTests";
			sourceTree = "<group>";
		};
		DD641EBF2031760A0094B7A2 /* SpaceX Data WatchKit App */ = {
			isa = PBXGroup;
			children = (
				DD641EC02031760A0094B7A2 /* Interface.storyboard */,
				DD641EC32031760A0094B7A2 /* Assets.xcassets */,
				DD641EC52031760A0094B7A2 /* Info.plist */,
			);
			path = "SpaceX Data WatchKit App";
			sourceTree = "<group>";
		};
		DD641ECE2031760A0094B7A2 /* SpaceX Data WatchKit Extension */ = {
			isa = PBXGroup;
			children = (
				DD641ECF2031760A0094B7A2 /* InterfaceController.swift */,
				DD641ED12031760A0094B7A2 /* ExtensionDelegate.swift */,
				DD641ED32031760A0094B7A2 /* Assets.xcassets */,
				DD641ED52031760A0094B7A2 /* Info.plist */,
			);
			path = "SpaceX Data WatchKit Extension";
			sourceTree = "<group>";
		};
		DD641EE8203179140094B7A2 /* Networking */ = {
			isa = PBXGroup;
			children = (
				ACF3F687211DA2B8007E738E /* Network activity indicator manager */,
				AC7503812119DA5600AED17B /* Base abstractions */,
				ACF3F681211D9930007E738E /* Launchpads */,
				ACF3F680211D9918007E738E /* Rockets */,
				ACE3C89C2107223600C9EEE7 /* Company Info */,
				ACE20866211B231A00F27DC5 /* Roadster Info */,
				AC88C8CD211DCD340093A813 /* Core boosters */,
			);
			path = Networking;
			sourceTree = "<group>";
		};
		DD641EEF203191630094B7A2 /* Models */ = {
			isa = PBXGroup;
			children = (
				ACF3F67C211D95F5007E738E /* Common models */,
				AC93810021076A8100880E07 /* Rockets */,
				ACE20861211B019400F27DC5 /* RoadsterInfo */,
				AC9380FF21076A6B00880E07 /* CompanyInfo */,
				ACF3F679211D9500007E738E /* Launchpad */,
				AC88C8D3211DCDF50093A813 /* Core booster */,
			);
			path = Models;
			sourceTree = "<group>";
		};
/* End PBXGroup section */

/* Begin PBXNativeTarget section */
		DD641E9D2031760A0094B7A2 /* SpaceX Data */ = {
			isa = PBXNativeTarget;
			buildConfigurationList = DD641EE02031760A0094B7A2 /* Build configuration list for PBXNativeTarget "SpaceX Data" */;
			buildPhases = (
				DD641E9A2031760A0094B7A2 /* Sources */,
				DD641E9B2031760A0094B7A2 /* Frameworks */,
				DD641E9C2031760A0094B7A2 /* Resources */,
				DD641EDF2031760A0094B7A2 /* Embed Watch Content */,
			);
			buildRules = (
			);
			dependencies = (
				DD641EBE2031760A0094B7A2 /* PBXTargetDependency */,
			);
			name = "SpaceX Data";
			productName = "SpaceX Data";
			productReference = DD641E9E2031760A0094B7A2 /* SpaceX Data.app */;
			productType = "com.apple.product-type.application";
		};
		DD641EB12031760A0094B7A2 /* SpaceX DataTests */ = {
			isa = PBXNativeTarget;
			buildConfigurationList = DD641EE32031760A0094B7A2 /* Build configuration list for PBXNativeTarget "SpaceX DataTests" */;
			buildPhases = (
				DD641EAE2031760A0094B7A2 /* Sources */,
				DD641EAF2031760A0094B7A2 /* Frameworks */,
				DD641EB02031760A0094B7A2 /* Resources */,
			);
			buildRules = (
			);
			dependencies = (
				DD641EB42031760A0094B7A2 /* PBXTargetDependency */,
			);
			name = "SpaceX DataTests";
			productName = "SpaceX DataTests";
			productReference = DD641EB22031760A0094B7A2 /* SpaceX DataTests.xctest */;
			productType = "com.apple.product-type.bundle.unit-test";
		};
		DD641EBA2031760A0094B7A2 /* SpaceX Data WatchKit App */ = {
			isa = PBXNativeTarget;
			buildConfigurationList = DD641EDC2031760A0094B7A2 /* Build configuration list for PBXNativeTarget "SpaceX Data WatchKit App" */;
			buildPhases = (
				DD641EB92031760A0094B7A2 /* Resources */,
				DD641EDB2031760A0094B7A2 /* Embed App Extensions */,
			);
			buildRules = (
			);
			dependencies = (
				DD641ECD2031760A0094B7A2 /* PBXTargetDependency */,
			);
			name = "SpaceX Data WatchKit App";
			productName = "SpaceX Data WatchKit App";
			productReference = DD641EBB2031760A0094B7A2 /* SpaceX Data WatchKit App.app */;
			productType = "com.apple.product-type.application.watchapp2";
		};
		DD641EC92031760A0094B7A2 /* SpaceX Data WatchKit Extension */ = {
			isa = PBXNativeTarget;
			buildConfigurationList = DD641ED82031760A0094B7A2 /* Build configuration list for PBXNativeTarget "SpaceX Data WatchKit Extension" */;
			buildPhases = (
				DD641EC62031760A0094B7A2 /* Sources */,
				DD641EC72031760A0094B7A2 /* Frameworks */,
				DD641EC82031760A0094B7A2 /* Resources */,
			);
			buildRules = (
			);
			dependencies = (
			);
			name = "SpaceX Data WatchKit Extension";
			productName = "SpaceX Data WatchKit Extension";
			productReference = DD641ECA2031760A0094B7A2 /* SpaceX Data WatchKit Extension.appex */;
			productType = "com.apple.product-type.watchkit2-extension";
		};
/* End PBXNativeTarget section */

/* Begin PBXProject section */
		DD641E962031760A0094B7A2 /* Project object */ = {
			isa = PBXProject;
			attributes = {
				LastSwiftUpdateCheck = 0920;
				LastUpgradeCheck = 0940;
				ORGANIZATIONNAME = "Vadim Rupets";
				TargetAttributes = {
					DD641E9D2031760A0094B7A2 = {
						CreatedOnToolsVersion = 9.2;
						ProvisioningStyle = Automatic;
					};
					DD641EB12031760A0094B7A2 = {
						CreatedOnToolsVersion = 9.2;
						ProvisioningStyle = Automatic;
						TestTargetID = DD641E9D2031760A0094B7A2;
					};
					DD641EBA2031760A0094B7A2 = {
						CreatedOnToolsVersion = 9.2;
						ProvisioningStyle = Automatic;
					};
					DD641EC92031760A0094B7A2 = {
						CreatedOnToolsVersion = 9.2;
						ProvisioningStyle = Automatic;
					};
				};
			};
			buildConfigurationList = DD641E992031760A0094B7A2 /* Build configuration list for PBXProject "SpaceX Data" */;
			compatibilityVersion = "Xcode 8.0";
			developmentRegion = en;
			hasScannedForEncodings = 0;
			knownRegions = (
				en,
				Base,
			);
			mainGroup = DD641E952031760A0094B7A2;
			productRefGroup = DD641E9F2031760A0094B7A2 /* Products */;
			projectDirPath = "";
			projectRoot = "";
			targets = (
				DD641E9D2031760A0094B7A2 /* SpaceX Data */,
				DD641EB12031760A0094B7A2 /* SpaceX DataTests */,
				DD641EBA2031760A0094B7A2 /* SpaceX Data WatchKit App */,
				DD641EC92031760A0094B7A2 /* SpaceX Data WatchKit Extension */,
			);
		};
/* End PBXProject section */

/* Begin PBXResourcesBuildPhase section */
		DD641E9C2031760A0094B7A2 /* Resources */ = {
			isa = PBXResourcesBuildPhase;
			buildActionMask = 2147483647;
			files = (
				DD641EAC2031760A0094B7A2 /* LaunchScreen.storyboard in Resources */,
				DD641EA92031760A0094B7A2 /* Assets.xcassets in Resources */,
				DD641EA72031760A0094B7A2 /* Main.storyboard in Resources */,
			);
			runOnlyForDeploymentPostprocessing = 0;
		};
		DD641EB02031760A0094B7A2 /* Resources */ = {
			isa = PBXResourcesBuildPhase;
			buildActionMask = 2147483647;
			files = (
			);
			runOnlyForDeploymentPostprocessing = 0;
		};
		DD641EB92031760A0094B7A2 /* Resources */ = {
			isa = PBXResourcesBuildPhase;
			buildActionMask = 2147483647;
			files = (
				DD641EC42031760A0094B7A2 /* Assets.xcassets in Resources */,
				DD641EC22031760A0094B7A2 /* Interface.storyboard in Resources */,
			);
			runOnlyForDeploymentPostprocessing = 0;
		};
		DD641EC82031760A0094B7A2 /* Resources */ = {
			isa = PBXResourcesBuildPhase;
			buildActionMask = 2147483647;
			files = (
				DD641ED42031760A0094B7A2 /* Assets.xcassets in Resources */,
			);
			runOnlyForDeploymentPostprocessing = 0;
		};
/* End PBXResourcesBuildPhase section */

/* Begin PBXSourcesBuildPhase section */
		DD641E9A2031760A0094B7A2 /* Sources */ = {
			isa = PBXSourcesBuildPhase;
			buildActionMask = 2147483647;
			files = (
				AC88C8D5211DCE040093A813 /* CoreBooster.swift in Sources */,
				AC1A5CDE203430D7000A3618 /* Response.swift in Sources */,
				AC8FA092211DA8D3009F5D9C /* SynchronizedArray.swift in Sources */,
				ACD76E3F2108C88700F4CD14 /* CompositeFairing.swift in Sources */,
				AC7503802119D93600AED17B /* HTTPURLResponse+Extensions.swift in Sources */,
				ACF3F678211D94D1007E738E /* LaunchpadsDispatcher.swift in Sources */,
				ACF3F684211D9949007E738E /* LaunchpadRequest.swift in Sources */,
				AC93810221076A8B00880E07 /* Rocket.swift in Sources */,
				ACD76E3B2108C7D700F4CD14 /* RocketSecondStage.swift in Sources */,
				ACF3F689211DA2F9007E738E /* NetworkActivityIndicatorManager.swift in Sources */,
				AC750373211859D100AED17B /* String+Extensions.swift in Sources */,
				AC88C8D0211DCD500093A813 /* CoreBoosterRequest.swift in Sources */,
				ACD76E312108B8F700F4CD14 /* Measurement.swift in Sources */,
				AC88C8CC211DCB860093A813 /* DetailedItemRequest.swift in Sources */,
				AC93810521076C7400880E07 /* Distance.swift in Sources */,
				DD641EF3203192B90094B7A2 /* Address.swift in Sources */,
				AC88C8D2211DCDBB0093A813 /* CoreBoosterDispatcher.swift in Sources */,
				AC88C8D8211DD4AF0093A813 /* CoreBoostersRequest.swift in Sources */,
				ACF3F686211D9ED8007E738E /* LaunchpadDispatcher.swift in Sources */,
				ACD76E332108C15C00F4CD14 /* PayloadWeight.swift in Sources */,
				DD641EF1203191770094B7A2 /* CompanyInfo.swift in Sources */,
				AC18E547211D94420065FBBC /* LaunchpadsRequests.swift in Sources */,
				AC93810721076C9B00880E07 /* Mass.swift in Sources */,
				ACF3F67F211D9666007E738E /* Location.swift in Sources */,
				AC10EEB5211DD71B0093D3BE /* CoreBoostersDispatcher.swift in Sources */,
				AC7726B321216419000A3B5A /* QueryFilter.swift in Sources */,
				ACF3F67B211D951C007E738E /* Launchpad.swift in Sources */,
				AC75037B2119B70D00AED17B /* RocketsRequests.swift in Sources */,
				ACD76E372108C3F700F4CD14 /* RocketStage.swift in Sources */,
				ACD76E392108C62500F4CD14 /* RocketFirstStage.swift in Sources */,
				ACDA35052034B71000A06795 /* Dispatcher.swift in Sources */,
				AC750377211866B300AED17B /* LandingLegs.swift in Sources */,
				AC9380FE21076A3C00880E07 /* RocketDispatcher.swift in Sources */,
				ACE2086A211B239200F27DC5 /* RoadsterInfoDispatcher.swift in Sources */,
				DD641EA42031760A0094B7A2 /* ViewController.swift in Sources */,
				AC7503792119A28F00AED17B /* DateFormatter+Extensions.swift in Sources */,
				ACD76E352108C39000F4CD14 /* Thrust.swift in Sources */,
				ACE20863211B01C200F27DC5 /* RoadsterInfo.swift in Sources */,
				ACE20868211B233000F27DC5 /* RoadsterInfoRequests.swift in Sources */,
				AC1A5CE0203430F2000A3618 /* NetworkError.swift in Sources */,
				ACE20865211B038B00F27DC5 /* Speed.swift in Sources */,
				ACE3C89E2107224900C9EEE7 /* CompanyInfoDispatcher.swift in Sources */,
				DD641EEA20318EFE0094B7A2 /* Request.swift in Sources */,
				ACD76E3D2108C86600F4CD14 /* Payloads.swift in Sources */,
				AC75037521185DD500AED17B /* Engines.swift in Sources */,
				AC9380FC2107674A00880E07 /* RocketRequests.swift in Sources */,
				DD641EA22031760A0094B7A2 /* AppDelegate.swift in Sources */,
				AC47C1C820AD83D5004C2D74 /* CompanyInfoRequests.swift in Sources */,
				AC75037D2119B74700AED17B /* RocketsDispatcher.swift in Sources */,
			);
			runOnlyForDeploymentPostprocessing = 0;
		};
		DD641EAE2031760A0094B7A2 /* Sources */ = {
			isa = PBXSourcesBuildPhase;
			buildActionMask = 2147483647;
			files = (
				DD641EB72031760A0094B7A2 /* SpaceX_DataTests.swift in Sources */,
			);
			runOnlyForDeploymentPostprocessing = 0;
		};
		DD641EC62031760A0094B7A2 /* Sources */ = {
			isa = PBXSourcesBuildPhase;
			buildActionMask = 2147483647;
			files = (
				DD641ED22031760A0094B7A2 /* ExtensionDelegate.swift in Sources */,
				DD641ED02031760A0094B7A2 /* InterfaceController.swift in Sources */,
			);
			runOnlyForDeploymentPostprocessing = 0;
		};
/* End PBXSourcesBuildPhase section */

/* Begin PBXTargetDependency section */
		DD641EB42031760A0094B7A2 /* PBXTargetDependency */ = {
			isa = PBXTargetDependency;
			target = DD641E9D2031760A0094B7A2 /* SpaceX Data */;
			targetProxy = DD641EB32031760A0094B7A2 /* PBXContainerItemProxy */;
		};
		DD641EBE2031760A0094B7A2 /* PBXTargetDependency */ = {
			isa = PBXTargetDependency;
			target = DD641EBA2031760A0094B7A2 /* SpaceX Data WatchKit App */;
			targetProxy = DD641EBD2031760A0094B7A2 /* PBXContainerItemProxy */;
		};
		DD641ECD2031760A0094B7A2 /* PBXTargetDependency */ = {
			isa = PBXTargetDependency;
			target = DD641EC92031760A0094B7A2 /* SpaceX Data WatchKit Extension */;
			targetProxy = DD641ECC2031760A0094B7A2 /* PBXContainerItemProxy */;
		};
/* End PBXTargetDependency section */

/* Begin PBXVariantGroup section */
		DD641EA52031760A0094B7A2 /* Main.storyboard */ = {
			isa = PBXVariantGroup;
			children = (
				DD641EA62031760A0094B7A2 /* Base */,
			);
			name = Main.storyboard;
			sourceTree = "<group>";
		};
		DD641EAA2031760A0094B7A2 /* LaunchScreen.storyboard */ = {
			isa = PBXVariantGroup;
			children = (
				DD641EAB2031760A0094B7A2 /* Base */,
			);
			name = LaunchScreen.storyboard;
			sourceTree = "<group>";
		};
		DD641EC02031760A0094B7A2 /* Interface.storyboard */ = {
			isa = PBXVariantGroup;
			children = (
				DD641EC12031760A0094B7A2 /* Base */,
			);
			name = Interface.storyboard;
			sourceTree = "<group>";
		};
/* End PBXVariantGroup section */

/* Begin XCBuildConfiguration section */
		DD641ED62031760A0094B7A2 /* Debug */ = {
			isa = XCBuildConfiguration;
			buildSettings = {
				ALWAYS_SEARCH_USER_PATHS = NO;
				CLANG_ANALYZER_NONNULL = YES;
				CLANG_ANALYZER_NUMBER_OBJECT_CONVERSION = YES_AGGRESSIVE;
				CLANG_CXX_LANGUAGE_STANDARD = "gnu++14";
				CLANG_CXX_LIBRARY = "libc++";
				CLANG_ENABLE_MODULES = YES;
				CLANG_ENABLE_OBJC_ARC = YES;
				CLANG_WARN_BLOCK_CAPTURE_AUTORELEASING = YES;
				CLANG_WARN_BOOL_CONVERSION = YES;
				CLANG_WARN_COMMA = YES;
				CLANG_WARN_CONSTANT_CONVERSION = YES;
				CLANG_WARN_DEPRECATED_OBJC_IMPLEMENTATIONS = YES;
				CLANG_WARN_DIRECT_OBJC_ISA_USAGE = YES_ERROR;
				CLANG_WARN_DOCUMENTATION_COMMENTS = YES;
				CLANG_WARN_EMPTY_BODY = YES;
				CLANG_WARN_ENUM_CONVERSION = YES;
				CLANG_WARN_INFINITE_RECURSION = YES;
				CLANG_WARN_INT_CONVERSION = YES;
				CLANG_WARN_NON_LITERAL_NULL_CONVERSION = YES;
				CLANG_WARN_OBJC_IMPLICIT_RETAIN_SELF = YES;
				CLANG_WARN_OBJC_LITERAL_CONVERSION = YES;
				CLANG_WARN_OBJC_ROOT_CLASS = YES_ERROR;
				CLANG_WARN_RANGE_LOOP_ANALYSIS = YES;
				CLANG_WARN_STRICT_PROTOTYPES = YES;
				CLANG_WARN_SUSPICIOUS_MOVE = YES;
				CLANG_WARN_UNGUARDED_AVAILABILITY = YES_AGGRESSIVE;
				CLANG_WARN_UNREACHABLE_CODE = YES;
				CLANG_WARN__DUPLICATE_METHOD_MATCH = YES;
				CODE_SIGN_IDENTITY = "iPhone Developer";
				COPY_PHASE_STRIP = NO;
				DEBUG_INFORMATION_FORMAT = dwarf;
				ENABLE_STRICT_OBJC_MSGSEND = YES;
				ENABLE_TESTABILITY = YES;
				GCC_C_LANGUAGE_STANDARD = gnu11;
				GCC_DYNAMIC_NO_PIC = NO;
				GCC_NO_COMMON_BLOCKS = YES;
				GCC_OPTIMIZATION_LEVEL = 0;
				GCC_PREPROCESSOR_DEFINITIONS = (
					"DEBUG=1",
					"$(inherited)",
				);
				GCC_WARN_64_TO_32_BIT_CONVERSION = YES;
				GCC_WARN_ABOUT_RETURN_TYPE = YES_ERROR;
				GCC_WARN_UNDECLARED_SELECTOR = YES;
				GCC_WARN_UNINITIALIZED_AUTOS = YES_AGGRESSIVE;
				GCC_WARN_UNUSED_FUNCTION = YES;
				GCC_WARN_UNUSED_VARIABLE = YES;
				IPHONEOS_DEPLOYMENT_TARGET = 11.2;
				MTL_ENABLE_DEBUG_INFO = YES;
				ONLY_ACTIVE_ARCH = YES;
				SDKROOT = iphoneos;
				SWIFT_ACTIVE_COMPILATION_CONDITIONS = DEBUG;
				SWIFT_OPTIMIZATION_LEVEL = "-Onone";
			};
			name = Debug;
		};
		DD641ED72031760A0094B7A2 /* Release */ = {
			isa = XCBuildConfiguration;
			buildSettings = {
				ALWAYS_SEARCH_USER_PATHS = NO;
				CLANG_ANALYZER_NONNULL = YES;
				CLANG_ANALYZER_NUMBER_OBJECT_CONVERSION = YES_AGGRESSIVE;
				CLANG_CXX_LANGUAGE_STANDARD = "gnu++14";
				CLANG_CXX_LIBRARY = "libc++";
				CLANG_ENABLE_MODULES = YES;
				CLANG_ENABLE_OBJC_ARC = YES;
				CLANG_WARN_BLOCK_CAPTURE_AUTORELEASING = YES;
				CLANG_WARN_BOOL_CONVERSION = YES;
				CLANG_WARN_COMMA = YES;
				CLANG_WARN_CONSTANT_CONVERSION = YES;
				CLANG_WARN_DEPRECATED_OBJC_IMPLEMENTATIONS = YES;
				CLANG_WARN_DIRECT_OBJC_ISA_USAGE = YES_ERROR;
				CLANG_WARN_DOCUMENTATION_COMMENTS = YES;
				CLANG_WARN_EMPTY_BODY = YES;
				CLANG_WARN_ENUM_CONVERSION = YES;
				CLANG_WARN_INFINITE_RECURSION = YES;
				CLANG_WARN_INT_CONVERSION = YES;
				CLANG_WARN_NON_LITERAL_NULL_CONVERSION = YES;
				CLANG_WARN_OBJC_IMPLICIT_RETAIN_SELF = YES;
				CLANG_WARN_OBJC_LITERAL_CONVERSION = YES;
				CLANG_WARN_OBJC_ROOT_CLASS = YES_ERROR;
				CLANG_WARN_RANGE_LOOP_ANALYSIS = YES;
				CLANG_WARN_STRICT_PROTOTYPES = YES;
				CLANG_WARN_SUSPICIOUS_MOVE = YES;
				CLANG_WARN_UNGUARDED_AVAILABILITY = YES_AGGRESSIVE;
				CLANG_WARN_UNREACHABLE_CODE = YES;
				CLANG_WARN__DUPLICATE_METHOD_MATCH = YES;
				CODE_SIGN_IDENTITY = "iPhone Developer";
				COPY_PHASE_STRIP = NO;
				DEBUG_INFORMATION_FORMAT = "dwarf-with-dsym";
				ENABLE_NS_ASSERTIONS = NO;
				ENABLE_STRICT_OBJC_MSGSEND = YES;
				GCC_C_LANGUAGE_STANDARD = gnu11;
				GCC_NO_COMMON_BLOCKS = YES;
				GCC_WARN_64_TO_32_BIT_CONVERSION = YES;
				GCC_WARN_ABOUT_RETURN_TYPE = YES_ERROR;
				GCC_WARN_UNDECLARED_SELECTOR = YES;
				GCC_WARN_UNINITIALIZED_AUTOS = YES_AGGRESSIVE;
				GCC_WARN_UNUSED_FUNCTION = YES;
				GCC_WARN_UNUSED_VARIABLE = YES;
				IPHONEOS_DEPLOYMENT_TARGET = 11.2;
				MTL_ENABLE_DEBUG_INFO = NO;
				SDKROOT = iphoneos;
				SWIFT_OPTIMIZATION_LEVEL = "-Owholemodule";
				VALIDATE_PRODUCT = YES;
			};
			name = Release;
		};
		DD641ED92031760A0094B7A2 /* Debug */ = {
			isa = XCBuildConfiguration;
			buildSettings = {
				ASSETCATALOG_COMPILER_COMPLICATION_NAME = Complication;
				CODE_SIGN_STYLE = Automatic;
				DEVELOPMENT_TEAM = 2WAAGJTSWL;
				INFOPLIST_FILE = "SpaceX Data WatchKit Extension/Info.plist";
				LD_RUNPATH_SEARCH_PATHS = "$(inherited) @executable_path/Frameworks @executable_path/../../Frameworks";
				PRODUCT_BUNDLE_IDENTIFIER = "com.vadimrupets.SpaceX-Data.watchkitapp.watchkitextension";
				PRODUCT_NAME = "${TARGET_NAME}";
				SDKROOT = watchos;
				SKIP_INSTALL = YES;
				SWIFT_VERSION = 4.0;
				TARGETED_DEVICE_FAMILY = 4;
				WATCHOS_DEPLOYMENT_TARGET = 4.2;
			};
			name = Debug;
		};
		DD641EDA2031760A0094B7A2 /* Release */ = {
			isa = XCBuildConfiguration;
			buildSettings = {
				ASSETCATALOG_COMPILER_COMPLICATION_NAME = Complication;
				CODE_SIGN_STYLE = Automatic;
				DEVELOPMENT_TEAM = 2WAAGJTSWL;
				INFOPLIST_FILE = "SpaceX Data WatchKit Extension/Info.plist";
				LD_RUNPATH_SEARCH_PATHS = "$(inherited) @executable_path/Frameworks @executable_path/../../Frameworks";
				PRODUCT_BUNDLE_IDENTIFIER = "com.vadimrupets.SpaceX-Data.watchkitapp.watchkitextension";
				PRODUCT_NAME = "${TARGET_NAME}";
				SDKROOT = watchos;
				SKIP_INSTALL = YES;
				SWIFT_VERSION = 4.0;
				TARGETED_DEVICE_FAMILY = 4;
				WATCHOS_DEPLOYMENT_TARGET = 4.2;
			};
			name = Release;
		};
		DD641EDD2031760A0094B7A2 /* Debug */ = {
			isa = XCBuildConfiguration;
			buildSettings = {
				ALWAYS_EMBED_SWIFT_STANDARD_LIBRARIES = YES;
				ASSETCATALOG_COMPILER_APPICON_NAME = AppIcon;
				CODE_SIGN_STYLE = Automatic;
				DEVELOPMENT_TEAM = 2WAAGJTSWL;
				IBSC_MODULE = SpaceX_Data_WatchKit_Extension;
				INFOPLIST_FILE = "SpaceX Data WatchKit App/Info.plist";
				PRODUCT_BUNDLE_IDENTIFIER = "com.vadimrupets.SpaceX-Data.watchkitapp";
				PRODUCT_NAME = "$(TARGET_NAME)";
				SDKROOT = watchos;
				SKIP_INSTALL = YES;
				SWIFT_VERSION = 4.0;
				TARGETED_DEVICE_FAMILY = 4;
				WATCHOS_DEPLOYMENT_TARGET = 4.2;
			};
			name = Debug;
		};
		DD641EDE2031760A0094B7A2 /* Release */ = {
			isa = XCBuildConfiguration;
			buildSettings = {
				ALWAYS_EMBED_SWIFT_STANDARD_LIBRARIES = YES;
				ASSETCATALOG_COMPILER_APPICON_NAME = AppIcon;
				CODE_SIGN_STYLE = Automatic;
				DEVELOPMENT_TEAM = 2WAAGJTSWL;
				IBSC_MODULE = SpaceX_Data_WatchKit_Extension;
				INFOPLIST_FILE = "SpaceX Data WatchKit App/Info.plist";
				PRODUCT_BUNDLE_IDENTIFIER = "com.vadimrupets.SpaceX-Data.watchkitapp";
				PRODUCT_NAME = "$(TARGET_NAME)";
				SDKROOT = watchos;
				SKIP_INSTALL = YES;
				SWIFT_VERSION = 4.0;
				TARGETED_DEVICE_FAMILY = 4;
				WATCHOS_DEPLOYMENT_TARGET = 4.2;
			};
			name = Release;
		};
		DD641EE12031760A0094B7A2 /* Debug */ = {
			isa = XCBuildConfiguration;
			buildSettings = {
				ASSETCATALOG_COMPILER_APPICON_NAME = AppIcon;
				CODE_SIGN_STYLE = Automatic;
				DEVELOPMENT_TEAM = 2WAAGJTSWL;
				INFOPLIST_FILE = "SpaceX Data/Info.plist";
				LD_RUNPATH_SEARCH_PATHS = "$(inherited) @executable_path/Frameworks";
				PRODUCT_BUNDLE_IDENTIFIER = "com.vadimrupets.SpaceX-Data";
				PRODUCT_NAME = "$(TARGET_NAME)";
				SWIFT_VERSION = 4.0;
				TARGETED_DEVICE_FAMILY = "1,2";
			};
			name = Debug;
		};
		DD641EE22031760A0094B7A2 /* Release */ = {
			isa = XCBuildConfiguration;
			buildSettings = {
				ASSETCATALOG_COMPILER_APPICON_NAME = AppIcon;
				CODE_SIGN_STYLE = Automatic;
				DEVELOPMENT_TEAM = 2WAAGJTSWL;
				INFOPLIST_FILE = "SpaceX Data/Info.plist";
				LD_RUNPATH_SEARCH_PATHS = "$(inherited) @executable_path/Frameworks";
				PRODUCT_BUNDLE_IDENTIFIER = "com.vadimrupets.SpaceX-Data";
				PRODUCT_NAME = "$(TARGET_NAME)";
				SWIFT_VERSION = 4.0;
				TARGETED_DEVICE_FAMILY = "1,2";
			};
			name = Release;
		};
		DD641EE42031760A0094B7A2 /* Debug */ = {
			isa = XCBuildConfiguration;
			buildSettings = {
				ALWAYS_EMBED_SWIFT_STANDARD_LIBRARIES = YES;
				BUNDLE_LOADER = "$(TEST_HOST)";
				CODE_SIGN_STYLE = Automatic;
				DEVELOPMENT_TEAM = 2WAAGJTSWL;
				INFOPLIST_FILE = "SpaceX DataTests/Info.plist";
				LD_RUNPATH_SEARCH_PATHS = "$(inherited) @executable_path/Frameworks @loader_path/Frameworks";
				PRODUCT_BUNDLE_IDENTIFIER = "com.vadimrupets.SpaceX-DataTests";
				PRODUCT_NAME = "$(TARGET_NAME)";
				SWIFT_VERSION = 4.0;
				TARGETED_DEVICE_FAMILY = "1,2";
				TEST_HOST = "$(BUILT_PRODUCTS_DIR)/SpaceX Data.app/SpaceX Data";
			};
			name = Debug;
		};
		DD641EE52031760A0094B7A2 /* Release */ = {
			isa = XCBuildConfiguration;
			buildSettings = {
				ALWAYS_EMBED_SWIFT_STANDARD_LIBRARIES = YES;
				BUNDLE_LOADER = "$(TEST_HOST)";
				CODE_SIGN_STYLE = Automatic;
				DEVELOPMENT_TEAM = 2WAAGJTSWL;
				INFOPLIST_FILE = "SpaceX DataTests/Info.plist";
				LD_RUNPATH_SEARCH_PATHS = "$(inherited) @executable_path/Frameworks @loader_path/Frameworks";
				PRODUCT_BUNDLE_IDENTIFIER = "com.vadimrupets.SpaceX-DataTests";
				PRODUCT_NAME = "$(TARGET_NAME)";
				SWIFT_VERSION = 4.0;
				TARGETED_DEVICE_FAMILY = "1,2";
				TEST_HOST = "$(BUILT_PRODUCTS_DIR)/SpaceX Data.app/SpaceX Data";
			};
			name = Release;
		};
/* End XCBuildConfiguration section */

/* Begin XCConfigurationList section */
		DD641E992031760A0094B7A2 /* Build configuration list for PBXProject "SpaceX Data" */ = {
			isa = XCConfigurationList;
			buildConfigurations = (
				DD641ED62031760A0094B7A2 /* Debug */,
				DD641ED72031760A0094B7A2 /* Release */,
			);
			defaultConfigurationIsVisible = 0;
			defaultConfigurationName = Release;
		};
		DD641ED82031760A0094B7A2 /* Build configuration list for PBXNativeTarget "SpaceX Data WatchKit Extension" */ = {
			isa = XCConfigurationList;
			buildConfigurations = (
				DD641ED92031760A0094B7A2 /* Debug */,
				DD641EDA2031760A0094B7A2 /* Release */,
			);
			defaultConfigurationIsVisible = 0;
			defaultConfigurationName = Release;
		};
		DD641EDC2031760A0094B7A2 /* Build configuration list for PBXNativeTarget "SpaceX Data WatchKit App" */ = {
			isa = XCConfigurationList;
			buildConfigurations = (
				DD641EDD2031760A0094B7A2 /* Debug */,
				DD641EDE2031760A0094B7A2 /* Release */,
			);
			defaultConfigurationIsVisible = 0;
			defaultConfigurationName = Release;
		};
		DD641EE02031760A0094B7A2 /* Build configuration list for PBXNativeTarget "SpaceX Data" */ = {
			isa = XCConfigurationList;
			buildConfigurations = (
				DD641EE12031760A0094B7A2 /* Debug */,
				DD641EE22031760A0094B7A2 /* Release */,
			);
			defaultConfigurationIsVisible = 0;
			defaultConfigurationName = Release;
		};
		DD641EE32031760A0094B7A2 /* Build configuration list for PBXNativeTarget "SpaceX DataTests" */ = {
			isa = XCConfigurationList;
			buildConfigurations = (
				DD641EE42031760A0094B7A2 /* Debug */,
				DD641EE52031760A0094B7A2 /* Release */,
			);
			defaultConfigurationIsVisible = 0;
			defaultConfigurationName = Release;
		};
/* End XCConfigurationList section */
	};
	rootObject = DD641E962031760A0094B7A2 /* Project object */;
}
