// !$*UTF8*$!
{
	archiveVersion = 1;
	classes = {
	};
	objectVersion = 48;
	objects = {

/* Begin PBXBuildFile section */
		AC03BD9F2124595B00FBA093 /* Telemetry.swift in Sources */ = {isa = PBXBuildFile; fileRef = AC03BD9E2124595B00FBA093 /* Telemetry.swift */; };
		AC03BDA121245A1600FBA093 /* LaunchedRocketReusedParts.swift in Sources */ = {isa = PBXBuildFile; fileRef = AC03BDA021245A1600FBA093 /* LaunchedRocketReusedParts.swift */; };
		AC03BDA321245BB300FBA093 /* LaunchSite.swift in Sources */ = {isa = PBXBuildFile; fileRef = AC03BDA221245BB300FBA093 /* LaunchSite.swift */; };
		AC03BDA521245C8C00FBA093 /* LaunchInfoLinks.swift in Sources */ = {isa = PBXBuildFile; fileRef = AC03BDA421245C8C00FBA093 /* LaunchInfoLinks.swift */; };
		AC03BDAA2124732E00FBA093 /* LaunchesRequest.swift in Sources */ = {isa = PBXBuildFile; fileRef = AC03BDA92124732E00FBA093 /* LaunchesRequest.swift */; };
		AC03BDAC212473CA00FBA093 /* LaunchesDispatcher.swift in Sources */ = {isa = PBXBuildFile; fileRef = AC03BDAB212473CA00FBA093 /* LaunchesDispatcher.swift */; };
		AC10EEB5211DD71B0093D3BE /* CoreBoostersDispatcher.swift in Sources */ = {isa = PBXBuildFile; fileRef = AC10EEB4211DD71B0093D3BE /* CoreBoostersDispatcher.swift */; };
		AC18E547211D94420065FBBC /* LaunchpadsRequest.swift in Sources */ = {isa = PBXBuildFile; fileRef = AC18E546211D94420065FBBC /* LaunchpadsRequest.swift */; };
		AC1A5CDE203430D7000A3618 /* Response.swift in Sources */ = {isa = PBXBuildFile; fileRef = AC1A5CDD203430D7000A3618 /* Response.swift */; };
		AC1A5CE0203430F2000A3618 /* NetworkError.swift in Sources */ = {isa = PBXBuildFile; fileRef = AC1A5CDF203430F2000A3618 /* NetworkError.swift */; };
		AC1BDCD62122F95300148F31 /* CapsuleDetails.swift in Sources */ = {isa = PBXBuildFile; fileRef = AC1BDCD52122F95300148F31 /* CapsuleDetails.swift */; };
		AC1BDCDC2122FD8C00148F31 /* CapsuleDetailsRequest.swift in Sources */ = {isa = PBXBuildFile; fileRef = AC1BDCDB2122FD8C00148F31 /* CapsuleDetailsRequest.swift */; };
		AC1BDCDE2122FDDF00148F31 /* CapsuleDetailsDispatcher.swift in Sources */ = {isa = PBXBuildFile; fileRef = AC1BDCDD2122FDDF00148F31 /* CapsuleDetailsDispatcher.swift */; };
		AC1BDCE02122FE0C00148F31 /* CapsulesDetailsRequest.swift in Sources */ = {isa = PBXBuildFile; fileRef = AC1BDCDF2122FE0C00148F31 /* CapsulesDetailsRequest.swift */; };
		AC1BDCE22123003D00148F31 /* CapsulesDetailsDispatcher.swift in Sources */ = {isa = PBXBuildFile; fileRef = AC1BDCE12123003D00148F31 /* CapsulesDetailsDispatcher.swift */; };
		AC1BDCE521231D3000148F31 /* Launch.swift in Sources */ = {isa = PBXBuildFile; fileRef = AC1BDCE421231D3000148F31 /* Launch.swift */; };
		AC2844492163664700DE335C /* MoreViewController.swift in Sources */ = {isa = PBXBuildFile; fileRef = AC2844482163664700DE335C /* MoreViewController.swift */; };
		AC28444C2163861B00DE335C /* ActivityIndicator.swift in Sources */ = {isa = PBXBuildFile; fileRef = AC28444B2163861B00DE335C /* ActivityIndicator.swift */; };
		AC28445021638D4000DE335C /* UIViewController+Extensions.swift in Sources */ = {isa = PBXBuildFile; fileRef = AC28444F21638D4000DE335C /* UIViewController+Extensions.swift */; };
		AC28445221639BBB00DE335C /* NumberFormatter+Extensions.swift in Sources */ = {isa = PBXBuildFile; fileRef = AC28445121639BBB00DE335C /* NumberFormatter+Extensions.swift */; };
		AC28445521639C8E00DE335C /* LaunchpadsViewController.swift in Sources */ = {isa = PBXBuildFile; fileRef = AC28445421639C8E00DE335C /* LaunchpadsViewController.swift */; };
		AC2844592163A80200DE335C /* LaunchpadDetailViewController.swift in Sources */ = {isa = PBXBuildFile; fileRef = AC2844582163A80200DE335C /* LaunchpadDetailViewController.swift */; };
		AC330A23212C292A00358467 /* CapsulesDetailsDispatcherTests.swift in Sources */ = {isa = PBXBuildFile; fileRef = AC330A22212C292A00358467 /* CapsulesDetailsDispatcherTests.swift */; };
		AC330A25212C2CA800358467 /* CapsuleDetailsDispatcherTests.swift in Sources */ = {isa = PBXBuildFile; fileRef = AC330A24212C2CA800358467 /* CapsuleDetailsDispatcherTests.swift */; };
		AC330A28212C2FFC00358467 /* CapsuleDispatcherTests.swift in Sources */ = {isa = PBXBuildFile; fileRef = AC330A27212C2FFC00358467 /* CapsuleDispatcherTests.swift */; };
		AC330A2A212C311200358467 /* CapsulesDispatcherTests.swift in Sources */ = {isa = PBXBuildFile; fileRef = AC330A29212C311200358467 /* CapsulesDispatcherTests.swift */; };
		AC330A2D212D505900358467 /* LaunchDispatcherTests.swift in Sources */ = {isa = PBXBuildFile; fileRef = AC330A2C212D505900358467 /* LaunchDispatcherTests.swift */; };
		AC330A2F212D522400358467 /* LaunchesDispatcherTests.swift in Sources */ = {isa = PBXBuildFile; fileRef = AC330A2E212D522400358467 /* LaunchesDispatcherTests.swift */; };
		AC43B00A215A6D8E007B7CD8 /* MapViewViewController.swift in Sources */ = {isa = PBXBuildFile; fileRef = AC43B009215A6D8E007B7CD8 /* MapViewViewController.swift */; };
		AC47C1C820AD83D5004C2D74 /* CompanyInfoRequest.swift in Sources */ = {isa = PBXBuildFile; fileRef = AC47C1C720AD83D5004C2D74 /* CompanyInfoRequest.swift */; };
		AC541AAB21661CA1002220FE /* MeasurementTableViewCell.swift in Sources */ = {isa = PBXBuildFile; fileRef = AC541AAA21661CA1002220FE /* MeasurementTableViewCell.swift */; };
		AC541AAF216654B3002220FE /* URLTableViewCell.swift in Sources */ = {isa = PBXBuildFile; fileRef = AC541AAE216654B3002220FE /* URLTableViewCell.swift */; };
		AC6E46A92181F003002C8433 /* TableViewData.swift in Sources */ = {isa = PBXBuildFile; fileRef = AC6E46A82181F003002C8433 /* TableViewData.swift */; };
		AC6E46AB21820A27002C8433 /* Mission.swift in Sources */ = {isa = PBXBuildFile; fileRef = AC6E46AA21820A27002C8433 /* Mission.swift */; };
		AC750373211859D100AED17B /* String+Extensions.swift in Sources */ = {isa = PBXBuildFile; fileRef = AC750372211859D100AED17B /* String+Extensions.swift */; };
		AC75037521185DD500AED17B /* Engines.swift in Sources */ = {isa = PBXBuildFile; fileRef = AC75037421185DD500AED17B /* Engines.swift */; };
		AC750377211866B300AED17B /* LandingLegs.swift in Sources */ = {isa = PBXBuildFile; fileRef = AC750376211866B300AED17B /* LandingLegs.swift */; };
		AC7503792119A28F00AED17B /* DateFormatter+Extensions.swift in Sources */ = {isa = PBXBuildFile; fileRef = AC7503782119A28F00AED17B /* DateFormatter+Extensions.swift */; };
		AC75037B2119B70D00AED17B /* RocketsRequest.swift in Sources */ = {isa = PBXBuildFile; fileRef = AC75037A2119B70D00AED17B /* RocketsRequest.swift */; };
		AC75037D2119B74700AED17B /* RocketsDispatcher.swift in Sources */ = {isa = PBXBuildFile; fileRef = AC75037C2119B74700AED17B /* RocketsDispatcher.swift */; };
		AC7503802119D93600AED17B /* HTTPURLResponse+Extensions.swift in Sources */ = {isa = PBXBuildFile; fileRef = AC75037F2119D93600AED17B /* HTTPURLResponse+Extensions.swift */; };
		AC7726B321216419000A3B5A /* QueryFilter.swift in Sources */ = {isa = PBXBuildFile; fileRef = AC7726B221216419000A3B5A /* QueryFilter.swift */; };
		AC7873322124111E000F0DFC /* LaunchedRocket.swift in Sources */ = {isa = PBXBuildFile; fileRef = AC7873312124111E000F0DFC /* LaunchedRocket.swift */; };
		AC7873342124138D000F0DFC /* LaunchedRocketFirstStage.swift in Sources */ = {isa = PBXBuildFile; fileRef = AC7873332124138D000F0DFC /* LaunchedRocketFirstStage.swift */; };
		AC787336212413D7000F0DFC /* LaunchedRocketFirstStageCoreBooster.swift in Sources */ = {isa = PBXBuildFile; fileRef = AC787335212413D7000F0DFC /* LaunchedRocketFirstStageCoreBooster.swift */; };
		AC78733821242CC2000F0DFC /* LaunchedRocketSecondStage.swift in Sources */ = {isa = PBXBuildFile; fileRef = AC78733721242CC2000F0DFC /* LaunchedRocketSecondStage.swift */; };
		AC78733A21242CF9000F0DFC /* LaunchedPayload.swift in Sources */ = {isa = PBXBuildFile; fileRef = AC78733921242CF9000F0DFC /* LaunchedPayload.swift */; };
		AC78733F212434E4000F0DFC /* OrbitParameters.swift in Sources */ = {isa = PBXBuildFile; fileRef = AC78733E212434E4000F0DFC /* OrbitParameters.swift */; };
		AC78D5322121BB1F00D0EED6 /* Capsule.swift in Sources */ = {isa = PBXBuildFile; fileRef = AC78D5312121BB1F00D0EED6 /* Capsule.swift */; };
		AC78D5342121BD2C00D0EED6 /* HeatShield.swift in Sources */ = {isa = PBXBuildFile; fileRef = AC78D5332121BD2C00D0EED6 /* HeatShield.swift */; };
		AC78D5362121C1FE00D0EED6 /* Temperature.swift in Sources */ = {isa = PBXBuildFile; fileRef = AC78D5352121C1FE00D0EED6 /* Temperature.swift */; };
		AC88C8CC211DCB860093A813 /* DetailedItemRequest.swift in Sources */ = {isa = PBXBuildFile; fileRef = AC88C8CB211DCB860093A813 /* DetailedItemRequest.swift */; };
		AC88C8D0211DCD500093A813 /* CoreBoosterRequest.swift in Sources */ = {isa = PBXBuildFile; fileRef = AC88C8CF211DCD500093A813 /* CoreBoosterRequest.swift */; };
		AC88C8D2211DCDBB0093A813 /* CoreBoosterDispatcher.swift in Sources */ = {isa = PBXBuildFile; fileRef = AC88C8D1211DCDBB0093A813 /* CoreBoosterDispatcher.swift */; };
		AC88C8D5211DCE040093A813 /* CoreBooster.swift in Sources */ = {isa = PBXBuildFile; fileRef = AC88C8D4211DCE040093A813 /* CoreBooster.swift */; };
		AC88C8D8211DD4AF0093A813 /* CoreBoostersRequest.swift in Sources */ = {isa = PBXBuildFile; fileRef = AC88C8D7211DD4AF0093A813 /* CoreBoostersRequest.swift */; };
		AC8FA092211DA8D3009F5D9C /* SynchronizedArray.swift in Sources */ = {isa = PBXBuildFile; fileRef = AC8FA091211DA8D3009F5D9C /* SynchronizedArray.swift */; };
		AC9380FC2107674A00880E07 /* RocketRequests.swift in Sources */ = {isa = PBXBuildFile; fileRef = AC9380FB2107674A00880E07 /* RocketRequests.swift */; };
		AC9380FE21076A3C00880E07 /* RocketDispatcher.swift in Sources */ = {isa = PBXBuildFile; fileRef = AC9380FD21076A3C00880E07 /* RocketDispatcher.swift */; };
		AC93810221076A8B00880E07 /* Rocket.swift in Sources */ = {isa = PBXBuildFile; fileRef = AC93810121076A8B00880E07 /* Rocket.swift */; };
		AC93810521076C7400880E07 /* Distance.swift in Sources */ = {isa = PBXBuildFile; fileRef = AC93810421076C7400880E07 /* Distance.swift */; };
		AC93810721076C9B00880E07 /* Mass.swift in Sources */ = {isa = PBXBuildFile; fileRef = AC93810621076C9B00880E07 /* Mass.swift */; };
		ACA5D097215A415100198669 /* CompanyInfoViewController.swift in Sources */ = {isa = PBXBuildFile; fileRef = ACA5D096215A415100198669 /* CompanyInfoViewController.swift */; };
		ACA87802212574F80020DE02 /* ComparisonResult+Extensions.swift in Sources */ = {isa = PBXBuildFile; fileRef = ACA87801212574F80020DE02 /* ComparisonResult+Extensions.swift */; };
		ACA878052125ABE90020DE02 /* LaunchRequest.swift in Sources */ = {isa = PBXBuildFile; fileRef = ACA878042125ABE90020DE02 /* LaunchRequest.swift */; };
		ACA878072125AC3A0020DE02 /* LaunchDispatcher.swift in Sources */ = {isa = PBXBuildFile; fileRef = ACA878062125AC3A0020DE02 /* LaunchDispatcher.swift */; };
		ACA8780F2125BBC50020DE02 /* MockRequest.swift in Sources */ = {isa = PBXBuildFile; fileRef = ACA8780E2125BBC50020DE02 /* MockRequest.swift */; };
		ACA878132125C1870020DE02 /* MockDecodableObject.swift in Sources */ = {isa = PBXBuildFile; fileRef = ACA878122125C1870020DE02 /* MockDecodableObject.swift */; };
		ACA878172125C7A20020DE02 /* ReponseTests.swift in Sources */ = {isa = PBXBuildFile; fileRef = ACA878162125C7A20020DE02 /* ReponseTests.swift */; };
		ACB5EBEE2165064C004D9CC6 /* PlacemarkBlank.swift in Sources */ = {isa = PBXBuildFile; fileRef = ACB5EBED2165064C004D9CC6 /* PlacemarkBlank.swift */; };
		ACB5EBF1216509EC004D9CC6 /* RoadsterInfoViewController.swift in Sources */ = {isa = PBXBuildFile; fileRef = ACB5EBF0216509EC004D9CC6 /* RoadsterInfoViewController.swift */; };
		ACB97853212AC7B000645D0C /* CompanyInfoDispatcherTests.swift in Sources */ = {isa = PBXBuildFile; fileRef = ACB97852212AC7B000645D0C /* CompanyInfoDispatcherTests.swift */; };
		ACB97858212ACA3100645D0C /* LaunchpadDispatcherTests.swift in Sources */ = {isa = PBXBuildFile; fileRef = ACB97857212ACA3100645D0C /* LaunchpadDispatcherTests.swift */; };
		ACB9785A212ACDC800645D0C /* LaunchpadsDispatcherTests.swift in Sources */ = {isa = PBXBuildFile; fileRef = ACB97859212ACDC800645D0C /* LaunchpadsDispatcherTests.swift */; };
		ACB97860212ACEA300645D0C /* RocketDispatcherTests.swift in Sources */ = {isa = PBXBuildFile; fileRef = ACB9785F212ACEA300645D0C /* RocketDispatcherTests.swift */; };
		ACB97862212ACFC100645D0C /* RocketsDispatcherTests.swift in Sources */ = {isa = PBXBuildFile; fileRef = ACB97861212ACFC100645D0C /* RocketsDispatcherTests.swift */; };
		ACB97865212AD0A100645D0C /* RoadsterInfoDispatcherTests.swift in Sources */ = {isa = PBXBuildFile; fileRef = ACB97864212AD0A100645D0C /* RoadsterInfoDispatcherTests.swift */; };
		ACB97868212AD14B00645D0C /* CoreBoosterDispatcherTests.swift in Sources */ = {isa = PBXBuildFile; fileRef = ACB97867212AD14B00645D0C /* CoreBoosterDispatcherTests.swift */; };
		ACB9786A212AD34800645D0C /* CoreBoostersDispatcherTests.swift in Sources */ = {isa = PBXBuildFile; fileRef = ACB97869212AD34800645D0C /* CoreBoostersDispatcherTests.swift */; };
		ACC3C8742136A6E80045F01D /* Assets.xcassets in Resources */ = {isa = PBXBuildFile; fileRef = ACC3C8732136A6E80045F01D /* Assets.xcassets */; };
		ACD76E312108B8F700F4CD14 /* Measurement.swift in Sources */ = {isa = PBXBuildFile; fileRef = ACD76E302108B8F700F4CD14 /* Measurement.swift */; };
		ACD76E332108C15C00F4CD14 /* PayloadWeight.swift in Sources */ = {isa = PBXBuildFile; fileRef = ACD76E322108C15C00F4CD14 /* PayloadWeight.swift */; };
		ACD76E352108C39000F4CD14 /* Thrust.swift in Sources */ = {isa = PBXBuildFile; fileRef = ACD76E342108C39000F4CD14 /* Thrust.swift */; };
		ACD76E372108C3F700F4CD14 /* RocketStage.swift in Sources */ = {isa = PBXBuildFile; fileRef = ACD76E362108C3F700F4CD14 /* RocketStage.swift */; };
		ACD76E392108C62500F4CD14 /* RocketFirstStage.swift in Sources */ = {isa = PBXBuildFile; fileRef = ACD76E382108C62500F4CD14 /* RocketFirstStage.swift */; };
		ACD76E3B2108C7D700F4CD14 /* RocketSecondStage.swift in Sources */ = {isa = PBXBuildFile; fileRef = ACD76E3A2108C7D700F4CD14 /* RocketSecondStage.swift */; };
		ACD76E3D2108C86600F4CD14 /* Payloads.swift in Sources */ = {isa = PBXBuildFile; fileRef = ACD76E3C2108C86600F4CD14 /* Payloads.swift */; };
		ACD76E3F2108C88700F4CD14 /* CompositeFairing.swift in Sources */ = {isa = PBXBuildFile; fileRef = ACD76E3E2108C88700F4CD14 /* CompositeFairing.swift */; };
		ACDA35052034B71000A06795 /* Dispatcher.swift in Sources */ = {isa = PBXBuildFile; fileRef = ACDA35042034B71000A06795 /* Dispatcher.swift */; };
		ACE20863211B01C200F27DC5 /* RoadsterInfo.swift in Sources */ = {isa = PBXBuildFile; fileRef = ACE20862211B01C200F27DC5 /* RoadsterInfo.swift */; };
		ACE20865211B038B00F27DC5 /* Speed.swift in Sources */ = {isa = PBXBuildFile; fileRef = ACE20864211B038B00F27DC5 /* Speed.swift */; };
		ACE20868211B233000F27DC5 /* RoadsterInfoRequest.swift in Sources */ = {isa = PBXBuildFile; fileRef = ACE20867211B233000F27DC5 /* RoadsterInfoRequest.swift */; };
		ACE2086A211B239200F27DC5 /* RoadsterInfoDispatcher.swift in Sources */ = {isa = PBXBuildFile; fileRef = ACE20869211B239200F27DC5 /* RoadsterInfoDispatcher.swift */; };
		ACE3C89E2107224900C9EEE7 /* CompanyInfoDispatcher.swift in Sources */ = {isa = PBXBuildFile; fileRef = ACE3C89D2107224900C9EEE7 /* CompanyInfoDispatcher.swift */; };
		ACF3AD412136A172001A3FF0 /* UIColor+Extensions.swift in Sources */ = {isa = PBXBuildFile; fileRef = ACF3AD402136A172001A3FF0 /* UIColor+Extensions.swift */; };
		ACF3F678211D94D1007E738E /* LaunchpadsDispatcher.swift in Sources */ = {isa = PBXBuildFile; fileRef = ACF3F677211D94D1007E738E /* LaunchpadsDispatcher.swift */; };
		ACF3F67B211D951C007E738E /* Launchpad.swift in Sources */ = {isa = PBXBuildFile; fileRef = ACF3F67A211D951C007E738E /* Launchpad.swift */; };
		ACF3F67F211D9666007E738E /* Location.swift in Sources */ = {isa = PBXBuildFile; fileRef = ACF3F67E211D9666007E738E /* Location.swift */; };
		ACF3F684211D9949007E738E /* LaunchpadRequest.swift in Sources */ = {isa = PBXBuildFile; fileRef = ACF3F683211D9949007E738E /* LaunchpadRequest.swift */; };
		ACF3F686211D9ED8007E738E /* LaunchpadDispatcher.swift in Sources */ = {isa = PBXBuildFile; fileRef = ACF3F685211D9ED7007E738E /* LaunchpadDispatcher.swift */; };
		ACF3F689211DA2F9007E738E /* NetworkActivityIndicatorManager.swift in Sources */ = {isa = PBXBuildFile; fileRef = ACF3F688211DA2F9007E738E /* NetworkActivityIndicatorManager.swift */; };
		ACF750692122C39600AC3E11 /* Thruster.swift in Sources */ = {isa = PBXBuildFile; fileRef = ACF750682122C39600AC3E11 /* Thruster.swift */; };
		ACF7506B2122C68500AC3E11 /* Volume.swift in Sources */ = {isa = PBXBuildFile; fileRef = ACF7506A2122C68500AC3E11 /* Volume.swift */; };
		ACF7506D2122CC8300AC3E11 /* Trunk.swift in Sources */ = {isa = PBXBuildFile; fileRef = ACF7506C2122CC8300AC3E11 /* Trunk.swift */; };
		ACF7506F2122CCC500AC3E11 /* Cargo.swift in Sources */ = {isa = PBXBuildFile; fileRef = ACF7506E2122CCC500AC3E11 /* Cargo.swift */; };
		ACF750742122F62600AC3E11 /* CapsulesRequest.swift in Sources */ = {isa = PBXBuildFile; fileRef = ACF750732122F62600AC3E11 /* CapsulesRequest.swift */; };
		ACF750762122F65C00AC3E11 /* CapsulesDispatcher.swift in Sources */ = {isa = PBXBuildFile; fileRef = ACF750752122F65C00AC3E11 /* CapsulesDispatcher.swift */; };
		ACF750792122F69100AC3E11 /* CapsuleRequest.swift in Sources */ = {isa = PBXBuildFile; fileRef = ACF750782122F69100AC3E11 /* CapsuleRequest.swift */; };
		ACF7507B2122F6F400AC3E11 /* CapsuleDispatcher.swift in Sources */ = {isa = PBXBuildFile; fileRef = ACF7507A2122F6F400AC3E11 /* CapsuleDispatcher.swift */; };
		ACF8C7892167A4FD0003E8FC /* SubtitleTableViewCell.swift in Sources */ = {isa = PBXBuildFile; fileRef = ACF8C7882167A4FD0003E8FC /* SubtitleTableViewCell.swift */; };
		ACF8C78B2167A5200003E8FC /* RightDisclosureTableViewCell.swift in Sources */ = {isa = PBXBuildFile; fileRef = ACF8C78A2167A5200003E8FC /* RightDisclosureTableViewCell.swift */; };
		ACF8C7902167A6430003E8FC /* TableViewDataRepresentable.swift in Sources */ = {isa = PBXBuildFile; fileRef = ACF8C78F2167A6430003E8FC /* TableViewDataRepresentable.swift */; };
		ACF8C7922167A8170003E8FC /* TableViewDataConfigurable.swift in Sources */ = {isa = PBXBuildFile; fileRef = ACF8C7912167A8170003E8FC /* TableViewDataConfigurable.swift */; };
		DD641EA22031760A0094B7A2 /* AppDelegate.swift in Sources */ = {isa = PBXBuildFile; fileRef = DD641EA12031760A0094B7A2 /* AppDelegate.swift */; };
		DD641EA72031760A0094B7A2 /* Main.storyboard in Resources */ = {isa = PBXBuildFile; fileRef = DD641EA52031760A0094B7A2 /* Main.storyboard */; };
		DD641EAC2031760A0094B7A2 /* LaunchScreen.storyboard in Resources */ = {isa = PBXBuildFile; fileRef = DD641EAA2031760A0094B7A2 /* LaunchScreen.storyboard */; };
		DD641EBC2031760A0094B7A2 /* SpaceX Data WatchKit App.app in Embed Watch Content */ = {isa = PBXBuildFile; fileRef = DD641EBB2031760A0094B7A2 /* SpaceX Data WatchKit App.app */; };
		DD641EC22031760A0094B7A2 /* Interface.storyboard in Resources */ = {isa = PBXBuildFile; fileRef = DD641EC02031760A0094B7A2 /* Interface.storyboard */; };
		DD641EC42031760A0094B7A2 /* Assets.xcassets in Resources */ = {isa = PBXBuildFile; fileRef = DD641EC32031760A0094B7A2 /* Assets.xcassets */; };
		DD641ECB2031760A0094B7A2 /* SpaceX Data WatchKit Extension.appex in Embed App Extensions */ = {isa = PBXBuildFile; fileRef = DD641ECA2031760A0094B7A2 /* SpaceX Data WatchKit Extension.appex */; settings = {ATTRIBUTES = (RemoveHeadersOnCopy, ); }; };
		DD641ED02031760A0094B7A2 /* InterfaceController.swift in Sources */ = {isa = PBXBuildFile; fileRef = DD641ECF2031760A0094B7A2 /* InterfaceController.swift */; };
		DD641ED22031760A0094B7A2 /* ExtensionDelegate.swift in Sources */ = {isa = PBXBuildFile; fileRef = DD641ED12031760A0094B7A2 /* ExtensionDelegate.swift */; };
		DD641ED42031760A0094B7A2 /* Assets.xcassets in Resources */ = {isa = PBXBuildFile; fileRef = DD641ED32031760A0094B7A2 /* Assets.xcassets */; };
		DD641EEA20318EFE0094B7A2 /* Request.swift in Sources */ = {isa = PBXBuildFile; fileRef = DD641EE920318EFE0094B7A2 /* Request.swift */; };
		DD641EF1203191770094B7A2 /* CompanyInfo.swift in Sources */ = {isa = PBXBuildFile; fileRef = DD641EF0203191770094B7A2 /* CompanyInfo.swift */; };
		DD641EF3203192B90094B7A2 /* Address.swift in Sources */ = {isa = PBXBuildFile; fileRef = DD641EF2203192B90094B7A2 /* Address.swift */; };
/* End PBXBuildFile section */

/* Begin PBXContainerItemProxy section */
		DD641EB32031760A0094B7A2 /* PBXContainerItemProxy */ = {
			isa = PBXContainerItemProxy;
			containerPortal = DD641E962031760A0094B7A2 /* Project object */;
			proxyType = 1;
			remoteGlobalIDString = DD641E9D2031760A0094B7A2;
			remoteInfo = "SpaceX Data";
		};
		DD641EBD2031760A0094B7A2 /* PBXContainerItemProxy */ = {
			isa = PBXContainerItemProxy;
			containerPortal = DD641E962031760A0094B7A2 /* Project object */;
			proxyType = 1;
			remoteGlobalIDString = DD641EBA2031760A0094B7A2;
			remoteInfo = "SpaceX Data WatchKit App";
		};
		DD641ECC2031760A0094B7A2 /* PBXContainerItemProxy */ = {
			isa = PBXContainerItemProxy;
			containerPortal = DD641E962031760A0094B7A2 /* Project object */;
			proxyType = 1;
			remoteGlobalIDString = DD641EC92031760A0094B7A2;
			remoteInfo = "SpaceX Data WatchKit Extension";
		};
/* End PBXContainerItemProxy section */

/* Begin PBXCopyFilesBuildPhase section */
		DD641EDB2031760A0094B7A2 /* Embed App Extensions */ = {
			isa = PBXCopyFilesBuildPhase;
			buildActionMask = 2147483647;
			dstPath = "";
			dstSubfolderSpec = 13;
			files = (
				DD641ECB2031760A0094B7A2 /* SpaceX Data WatchKit Extension.appex in Embed App Extensions */,
			);
			name = "Embed App Extensions";
			runOnlyForDeploymentPostprocessing = 0;
		};
		DD641EDF2031760A0094B7A2 /* Embed Watch Content */ = {
			isa = PBXCopyFilesBuildPhase;
			buildActionMask = 2147483647;
			dstPath = "$(CONTENTS_FOLDER_PATH)/Watch";
			dstSubfolderSpec = 16;
			files = (
				DD641EBC2031760A0094B7A2 /* SpaceX Data WatchKit App.app in Embed Watch Content */,
			);
			name = "Embed Watch Content";
			runOnlyForDeploymentPostprocessing = 0;
		};
/* End PBXCopyFilesBuildPhase section */

/* Begin PBXFileReference section */
		AC03BD9E2124595B00FBA093 /* Telemetry.swift */ = {isa = PBXFileReference; lastKnownFileType = sourcecode.swift; path = Telemetry.swift; sourceTree = "<group>"; };
		AC03BDA021245A1600FBA093 /* LaunchedRocketReusedParts.swift */ = {isa = PBXFileReference; lastKnownFileType = sourcecode.swift; path = LaunchedRocketReusedParts.swift; sourceTree = "<group>"; };
		AC03BDA221245BB300FBA093 /* LaunchSite.swift */ = {isa = PBXFileReference; lastKnownFileType = sourcecode.swift; path = LaunchSite.swift; sourceTree = "<group>"; };
		AC03BDA421245C8C00FBA093 /* LaunchInfoLinks.swift */ = {isa = PBXFileReference; lastKnownFileType = sourcecode.swift; path = LaunchInfoLinks.swift; sourceTree = "<group>"; };
		AC03BDA92124732E00FBA093 /* LaunchesRequest.swift */ = {isa = PBXFileReference; lastKnownFileType = sourcecode.swift; path = LaunchesRequest.swift; sourceTree = "<group>"; };
		AC03BDAB212473CA00FBA093 /* LaunchesDispatcher.swift */ = {isa = PBXFileReference; lastKnownFileType = sourcecode.swift; path = LaunchesDispatcher.swift; sourceTree = "<group>"; };
		AC10EEB4211DD71B0093D3BE /* CoreBoostersDispatcher.swift */ = {isa = PBXFileReference; lastKnownFileType = sourcecode.swift; path = CoreBoostersDispatcher.swift; sourceTree = "<group>"; };
		AC18E546211D94420065FBBC /* LaunchpadsRequest.swift */ = {isa = PBXFileReference; lastKnownFileType = sourcecode.swift; path = LaunchpadsRequest.swift; sourceTree = "<group>"; };
		AC1A5CDD203430D7000A3618 /* Response.swift */ = {isa = PBXFileReference; lastKnownFileType = sourcecode.swift; path = Response.swift; sourceTree = "<group>"; };
		AC1A5CDF203430F2000A3618 /* NetworkError.swift */ = {isa = PBXFileReference; lastKnownFileType = sourcecode.swift; path = NetworkError.swift; sourceTree = "<group>"; };
		AC1BDCD52122F95300148F31 /* CapsuleDetails.swift */ = {isa = PBXFileReference; lastKnownFileType = sourcecode.swift; path = CapsuleDetails.swift; sourceTree = "<group>"; };
		AC1BDCDB2122FD8C00148F31 /* CapsuleDetailsRequest.swift */ = {isa = PBXFileReference; lastKnownFileType = sourcecode.swift; path = CapsuleDetailsRequest.swift; sourceTree = "<group>"; };
		AC1BDCDD2122FDDF00148F31 /* CapsuleDetailsDispatcher.swift */ = {isa = PBXFileReference; lastKnownFileType = sourcecode.swift; path = CapsuleDetailsDispatcher.swift; sourceTree = "<group>"; };
		AC1BDCDF2122FE0C00148F31 /* CapsulesDetailsRequest.swift */ = {isa = PBXFileReference; lastKnownFileType = sourcecode.swift; path = CapsulesDetailsRequest.swift; sourceTree = "<group>"; };
		AC1BDCE12123003D00148F31 /* CapsulesDetailsDispatcher.swift */ = {isa = PBXFileReference; lastKnownFileType = sourcecode.swift; path = CapsulesDetailsDispatcher.swift; sourceTree = "<group>"; };
		AC1BDCE421231D3000148F31 /* Launch.swift */ = {isa = PBXFileReference; lastKnownFileType = sourcecode.swift; path = Launch.swift; sourceTree = "<group>"; };
		AC2844482163664700DE335C /* MoreViewController.swift */ = {isa = PBXFileReference; lastKnownFileType = sourcecode.swift; path = MoreViewController.swift; sourceTree = "<group>"; };
		AC28444B2163861B00DE335C /* ActivityIndicator.swift */ = {isa = PBXFileReference; lastKnownFileType = sourcecode.swift; path = ActivityIndicator.swift; sourceTree = "<group>"; };
		AC28444F21638D4000DE335C /* UIViewController+Extensions.swift */ = {isa = PBXFileReference; lastKnownFileType = sourcecode.swift; path = "UIViewController+Extensions.swift"; sourceTree = "<group>"; };
		AC28445121639BBB00DE335C /* NumberFormatter+Extensions.swift */ = {isa = PBXFileReference; lastKnownFileType = sourcecode.swift; path = "NumberFormatter+Extensions.swift"; sourceTree = "<group>"; };
		AC28445421639C8E00DE335C /* LaunchpadsViewController.swift */ = {isa = PBXFileReference; lastKnownFileType = sourcecode.swift; path = LaunchpadsViewController.swift; sourceTree = "<group>"; };
		AC2844582163A80200DE335C /* LaunchpadDetailViewController.swift */ = {isa = PBXFileReference; lastKnownFileType = sourcecode.swift; path = LaunchpadDetailViewController.swift; sourceTree = "<group>"; };
		AC330A22212C292A00358467 /* CapsulesDetailsDispatcherTests.swift */ = {isa = PBXFileReference; lastKnownFileType = sourcecode.swift; path = CapsulesDetailsDispatcherTests.swift; sourceTree = "<group>"; };
		AC330A24212C2CA800358467 /* CapsuleDetailsDispatcherTests.swift */ = {isa = PBXFileReference; lastKnownFileType = sourcecode.swift; path = CapsuleDetailsDispatcherTests.swift; sourceTree = "<group>"; };
		AC330A27212C2FFC00358467 /* CapsuleDispatcherTests.swift */ = {isa = PBXFileReference; lastKnownFileType = sourcecode.swift; path = CapsuleDispatcherTests.swift; sourceTree = "<group>"; };
		AC330A29212C311200358467 /* CapsulesDispatcherTests.swift */ = {isa = PBXFileReference; lastKnownFileType = sourcecode.swift; path = CapsulesDispatcherTests.swift; sourceTree = "<group>"; };
		AC330A2C212D505900358467 /* LaunchDispatcherTests.swift */ = {isa = PBXFileReference; lastKnownFileType = sourcecode.swift; path = LaunchDispatcherTests.swift; sourceTree = "<group>"; };
		AC330A2E212D522400358467 /* LaunchesDispatcherTests.swift */ = {isa = PBXFileReference; lastKnownFileType = sourcecode.swift; path = LaunchesDispatcherTests.swift; sourceTree = "<group>"; };
		AC43B009215A6D8E007B7CD8 /* MapViewViewController.swift */ = {isa = PBXFileReference; lastKnownFileType = sourcecode.swift; path = MapViewViewController.swift; sourceTree = "<group>"; };
		AC47C1C720AD83D5004C2D74 /* CompanyInfoRequest.swift */ = {isa = PBXFileReference; lastKnownFileType = sourcecode.swift; path = CompanyInfoRequest.swift; sourceTree = "<group>"; };
		AC541AAA21661CA1002220FE /* MeasurementTableViewCell.swift */ = {isa = PBXFileReference; lastKnownFileType = sourcecode.swift; path = MeasurementTableViewCell.swift; sourceTree = "<group>"; };
		AC541AAE216654B3002220FE /* URLTableViewCell.swift */ = {isa = PBXFileReference; lastKnownFileType = sourcecode.swift; path = URLTableViewCell.swift; sourceTree = "<group>"; };
		AC6E46A82181F003002C8433 /* TableViewData.swift */ = {isa = PBXFileReference; lastKnownFileType = sourcecode.swift; path = TableViewData.swift; sourceTree = "<group>"; };
		AC6E46AA21820A27002C8433 /* Mission.swift */ = {isa = PBXFileReference; lastKnownFileType = sourcecode.swift; path = Mission.swift; sourceTree = "<group>"; };
		AC750372211859D100AED17B /* String+Extensions.swift */ = {isa = PBXFileReference; lastKnownFileType = sourcecode.swift; path = "String+Extensions.swift"; sourceTree = "<group>"; };
		AC75037421185DD500AED17B /* Engines.swift */ = {isa = PBXFileReference; lastKnownFileType = sourcecode.swift; path = Engines.swift; sourceTree = "<group>"; };
		AC750376211866B300AED17B /* LandingLegs.swift */ = {isa = PBXFileReference; lastKnownFileType = sourcecode.swift; path = LandingLegs.swift; sourceTree = "<group>"; };
		AC7503782119A28F00AED17B /* DateFormatter+Extensions.swift */ = {isa = PBXFileReference; lastKnownFileType = sourcecode.swift; path = "DateFormatter+Extensions.swift"; sourceTree = "<group>"; };
		AC75037A2119B70D00AED17B /* RocketsRequest.swift */ = {isa = PBXFileReference; lastKnownFileType = sourcecode.swift; path = RocketsRequest.swift; sourceTree = "<group>"; };
		AC75037C2119B74700AED17B /* RocketsDispatcher.swift */ = {isa = PBXFileReference; lastKnownFileType = sourcecode.swift; path = RocketsDispatcher.swift; sourceTree = "<group>"; };
		AC75037F2119D93600AED17B /* HTTPURLResponse+Extensions.swift */ = {isa = PBXFileReference; lastKnownFileType = sourcecode.swift; path = "HTTPURLResponse+Extensions.swift"; sourceTree = "<group>"; };
		AC7726B221216419000A3B5A /* QueryFilter.swift */ = {isa = PBXFileReference; lastKnownFileType = sourcecode.swift; path = QueryFilter.swift; sourceTree = "<group>"; };
		AC7873312124111E000F0DFC /* LaunchedRocket.swift */ = {isa = PBXFileReference; lastKnownFileType = sourcecode.swift; path = LaunchedRocket.swift; sourceTree = "<group>"; };
		AC7873332124138D000F0DFC /* LaunchedRocketFirstStage.swift */ = {isa = PBXFileReference; lastKnownFileType = sourcecode.swift; path = LaunchedRocketFirstStage.swift; sourceTree = "<group>"; };
		AC787335212413D7000F0DFC /* LaunchedRocketFirstStageCoreBooster.swift */ = {isa = PBXFileReference; lastKnownFileType = sourcecode.swift; path = LaunchedRocketFirstStageCoreBooster.swift; sourceTree = "<group>"; };
		AC78733721242CC2000F0DFC /* LaunchedRocketSecondStage.swift */ = {isa = PBXFileReference; lastKnownFileType = sourcecode.swift; path = LaunchedRocketSecondStage.swift; sourceTree = "<group>"; };
		AC78733921242CF9000F0DFC /* LaunchedPayload.swift */ = {isa = PBXFileReference; lastKnownFileType = sourcecode.swift; path = LaunchedPayload.swift; sourceTree = "<group>"; };
		AC78733E212434E4000F0DFC /* OrbitParameters.swift */ = {isa = PBXFileReference; lastKnownFileType = sourcecode.swift; path = OrbitParameters.swift; sourceTree = "<group>"; };
		AC78D5312121BB1F00D0EED6 /* Capsule.swift */ = {isa = PBXFileReference; lastKnownFileType = sourcecode.swift; path = Capsule.swift; sourceTree = "<group>"; };
		AC78D5332121BD2C00D0EED6 /* HeatShield.swift */ = {isa = PBXFileReference; lastKnownFileType = sourcecode.swift; path = HeatShield.swift; sourceTree = "<group>"; };
		AC78D5352121C1FE00D0EED6 /* Temperature.swift */ = {isa = PBXFileReference; lastKnownFileType = sourcecode.swift; path = Temperature.swift; sourceTree = "<group>"; };
		AC88C8CB211DCB860093A813 /* DetailedItemRequest.swift */ = {isa = PBXFileReference; lastKnownFileType = sourcecode.swift; path = DetailedItemRequest.swift; sourceTree = "<group>"; };
		AC88C8CF211DCD500093A813 /* CoreBoosterRequest.swift */ = {isa = PBXFileReference; lastKnownFileType = sourcecode.swift; path = CoreBoosterRequest.swift; sourceTree = "<group>"; };
		AC88C8D1211DCDBB0093A813 /* CoreBoosterDispatcher.swift */ = {isa = PBXFileReference; lastKnownFileType = sourcecode.swift; path = CoreBoosterDispatcher.swift; sourceTree = "<group>"; };
		AC88C8D4211DCE040093A813 /* CoreBooster.swift */ = {isa = PBXFileReference; lastKnownFileType = sourcecode.swift; path = CoreBooster.swift; sourceTree = "<group>"; };
		AC88C8D7211DD4AF0093A813 /* CoreBoostersRequest.swift */ = {isa = PBXFileReference; lastKnownFileType = sourcecode.swift; path = CoreBoostersRequest.swift; sourceTree = "<group>"; };
		AC8FA091211DA8D3009F5D9C /* SynchronizedArray.swift */ = {isa = PBXFileReference; lastKnownFileType = sourcecode.swift; path = SynchronizedArray.swift; sourceTree = "<group>"; };
		AC9380FB2107674A00880E07 /* RocketRequests.swift */ = {isa = PBXFileReference; lastKnownFileType = sourcecode.swift; path = RocketRequests.swift; sourceTree = "<group>"; };
		AC9380FD21076A3C00880E07 /* RocketDispatcher.swift */ = {isa = PBXFileReference; lastKnownFileType = sourcecode.swift; path = RocketDispatcher.swift; sourceTree = "<group>"; };
		AC93810121076A8B00880E07 /* Rocket.swift */ = {isa = PBXFileReference; lastKnownFileType = sourcecode.swift; path = Rocket.swift; sourceTree = "<group>"; };
		AC93810421076C7400880E07 /* Distance.swift */ = {isa = PBXFileReference; lastKnownFileType = sourcecode.swift; path = Distance.swift; sourceTree = "<group>"; };
		AC93810621076C9B00880E07 /* Mass.swift */ = {isa = PBXFileReference; lastKnownFileType = sourcecode.swift; path = Mass.swift; sourceTree = "<group>"; };
		ACA5D096215A415100198669 /* CompanyInfoViewController.swift */ = {isa = PBXFileReference; lastKnownFileType = sourcecode.swift; path = CompanyInfoViewController.swift; sourceTree = "<group>"; };
		ACA87801212574F80020DE02 /* ComparisonResult+Extensions.swift */ = {isa = PBXFileReference; lastKnownFileType = sourcecode.swift; path = "ComparisonResult+Extensions.swift"; sourceTree = "<group>"; };
		ACA878042125ABE90020DE02 /* LaunchRequest.swift */ = {isa = PBXFileReference; lastKnownFileType = sourcecode.swift; path = LaunchRequest.swift; sourceTree = "<group>"; };
		ACA878062125AC3A0020DE02 /* LaunchDispatcher.swift */ = {isa = PBXFileReference; lastKnownFileType = sourcecode.swift; path = LaunchDispatcher.swift; sourceTree = "<group>"; };
		ACA8780E2125BBC50020DE02 /* MockRequest.swift */ = {isa = PBXFileReference; lastKnownFileType = sourcecode.swift; path = MockRequest.swift; sourceTree = "<group>"; };
		ACA878122125C1870020DE02 /* MockDecodableObject.swift */ = {isa = PBXFileReference; lastKnownFileType = sourcecode.swift; path = MockDecodableObject.swift; sourceTree = "<group>"; };
		ACA878162125C7A20020DE02 /* ReponseTests.swift */ = {isa = PBXFileReference; lastKnownFileType = sourcecode.swift; path = ReponseTests.swift; sourceTree = "<group>"; };
		ACB5EBED2165064C004D9CC6 /* PlacemarkBlank.swift */ = {isa = PBXFileReference; lastKnownFileType = sourcecode.swift; path = PlacemarkBlank.swift; sourceTree = "<group>"; };
		ACB5EBF0216509EC004D9CC6 /* RoadsterInfoViewController.swift */ = {isa = PBXFileReference; lastKnownFileType = sourcecode.swift; path = RoadsterInfoViewController.swift; sourceTree = "<group>"; };
		ACB97852212AC7B000645D0C /* CompanyInfoDispatcherTests.swift */ = {isa = PBXFileReference; lastKnownFileType = sourcecode.swift; path = CompanyInfoDispatcherTests.swift; sourceTree = "<group>"; };
		ACB97857212ACA3100645D0C /* LaunchpadDispatcherTests.swift */ = {isa = PBXFileReference; lastKnownFileType = sourcecode.swift; path = LaunchpadDispatcherTests.swift; sourceTree = "<group>"; };
		ACB97859212ACDC800645D0C /* LaunchpadsDispatcherTests.swift */ = {isa = PBXFileReference; lastKnownFileType = sourcecode.swift; path = LaunchpadsDispatcherTests.swift; sourceTree = "<group>"; };
		ACB9785F212ACEA300645D0C /* RocketDispatcherTests.swift */ = {isa = PBXFileReference; lastKnownFileType = sourcecode.swift; path = RocketDispatcherTests.swift; sourceTree = "<group>"; };
		ACB97861212ACFC100645D0C /* RocketsDispatcherTests.swift */ = {isa = PBXFileReference; lastKnownFileType = sourcecode.swift; path = RocketsDispatcherTests.swift; sourceTree = "<group>"; };
		ACB97864212AD0A100645D0C /* RoadsterInfoDispatcherTests.swift */ = {isa = PBXFileReference; lastKnownFileType = sourcecode.swift; path = RoadsterInfoDispatcherTests.swift; sourceTree = "<group>"; };
		ACB97867212AD14B00645D0C /* CoreBoosterDispatcherTests.swift */ = {isa = PBXFileReference; lastKnownFileType = sourcecode.swift; path = CoreBoosterDispatcherTests.swift; sourceTree = "<group>"; };
		ACB97869212AD34800645D0C /* CoreBoostersDispatcherTests.swift */ = {isa = PBXFileReference; lastKnownFileType = sourcecode.swift; path = CoreBoostersDispatcherTests.swift; sourceTree = "<group>"; };
		ACC3C8732136A6E80045F01D /* Assets.xcassets */ = {isa = PBXFileReference; lastKnownFileType = folder.assetcatalog; name = Assets.xcassets; path = "SpaceX Data/Assets.xcassets"; sourceTree = SOURCE_ROOT; };
		ACD76E302108B8F700F4CD14 /* Measurement.swift */ = {isa = PBXFileReference; lastKnownFileType = sourcecode.swift; path = Measurement.swift; sourceTree = "<group>"; };
		ACD76E322108C15C00F4CD14 /* PayloadWeight.swift */ = {isa = PBXFileReference; lastKnownFileType = sourcecode.swift; path = PayloadWeight.swift; sourceTree = "<group>"; };
		ACD76E342108C39000F4CD14 /* Thrust.swift */ = {isa = PBXFileReference; lastKnownFileType = sourcecode.swift; path = Thrust.swift; sourceTree = "<group>"; };
		ACD76E362108C3F700F4CD14 /* RocketStage.swift */ = {isa = PBXFileReference; lastKnownFileType = sourcecode.swift; path = RocketStage.swift; sourceTree = "<group>"; };
		ACD76E382108C62500F4CD14 /* RocketFirstStage.swift */ = {isa = PBXFileReference; lastKnownFileType = sourcecode.swift; path = RocketFirstStage.swift; sourceTree = "<group>"; };
		ACD76E3A2108C7D700F4CD14 /* RocketSecondStage.swift */ = {isa = PBXFileReference; lastKnownFileType = sourcecode.swift; path = RocketSecondStage.swift; sourceTree = "<group>"; };
		ACD76E3C2108C86600F4CD14 /* Payloads.swift */ = {isa = PBXFileReference; lastKnownFileType = sourcecode.swift; path = Payloads.swift; sourceTree = "<group>"; };
		ACD76E3E2108C88700F4CD14 /* CompositeFairing.swift */ = {isa = PBXFileReference; lastKnownFileType = sourcecode.swift; path = CompositeFairing.swift; sourceTree = "<group>"; };
		ACDA35042034B71000A06795 /* Dispatcher.swift */ = {isa = PBXFileReference; lastKnownFileType = sourcecode.swift; path = Dispatcher.swift; sourceTree = "<group>"; };
		ACE20862211B01C200F27DC5 /* RoadsterInfo.swift */ = {isa = PBXFileReference; lastKnownFileType = sourcecode.swift; path = RoadsterInfo.swift; sourceTree = "<group>"; };
		ACE20864211B038B00F27DC5 /* Speed.swift */ = {isa = PBXFileReference; lastKnownFileType = sourcecode.swift; path = Speed.swift; sourceTree = "<group>"; };
		ACE20867211B233000F27DC5 /* RoadsterInfoRequest.swift */ = {isa = PBXFileReference; lastKnownFileType = sourcecode.swift; path = RoadsterInfoRequest.swift; sourceTree = "<group>"; };
		ACE20869211B239200F27DC5 /* RoadsterInfoDispatcher.swift */ = {isa = PBXFileReference; lastKnownFileType = sourcecode.swift; path = RoadsterInfoDispatcher.swift; sourceTree = "<group>"; };
		ACE3C89D2107224900C9EEE7 /* CompanyInfoDispatcher.swift */ = {isa = PBXFileReference; lastKnownFileType = sourcecode.swift; path = CompanyInfoDispatcher.swift; sourceTree = "<group>"; };
		ACF3AD402136A172001A3FF0 /* UIColor+Extensions.swift */ = {isa = PBXFileReference; lastKnownFileType = sourcecode.swift; path = "UIColor+Extensions.swift"; sourceTree = "<group>"; };
		ACF3F677211D94D1007E738E /* LaunchpadsDispatcher.swift */ = {isa = PBXFileReference; lastKnownFileType = sourcecode.swift; path = LaunchpadsDispatcher.swift; sourceTree = "<group>"; };
		ACF3F67A211D951C007E738E /* Launchpad.swift */ = {isa = PBXFileReference; lastKnownFileType = sourcecode.swift; path = Launchpad.swift; sourceTree = "<group>"; };
		ACF3F67E211D9666007E738E /* Location.swift */ = {isa = PBXFileReference; lastKnownFileType = sourcecode.swift; path = Location.swift; sourceTree = "<group>"; };
		ACF3F683211D9949007E738E /* LaunchpadRequest.swift */ = {isa = PBXFileReference; lastKnownFileType = sourcecode.swift; name = LaunchpadRequest.swift; path = "SpaceX Data/Models/Common models/Geographic models/LaunchpadRequest.swift"; sourceTree = SOURCE_ROOT; };
		ACF3F685211D9ED7007E738E /* LaunchpadDispatcher.swift */ = {isa = PBXFileReference; lastKnownFileType = sourcecode.swift; name = LaunchpadDispatcher.swift; path = "SpaceX Data/Models/Common models/Geographic models/LaunchpadDispatcher.swift"; sourceTree = SOURCE_ROOT; };
		ACF3F688211DA2F9007E738E /* NetworkActivityIndicatorManager.swift */ = {isa = PBXFileReference; lastKnownFileType = sourcecode.swift; path = NetworkActivityIndicatorManager.swift; sourceTree = "<group>"; };
		ACF750682122C39600AC3E11 /* Thruster.swift */ = {isa = PBXFileReference; lastKnownFileType = sourcecode.swift; path = Thruster.swift; sourceTree = "<group>"; };
		ACF7506A2122C68500AC3E11 /* Volume.swift */ = {isa = PBXFileReference; lastKnownFileType = sourcecode.swift; path = Volume.swift; sourceTree = "<group>"; };
		ACF7506C2122CC8300AC3E11 /* Trunk.swift */ = {isa = PBXFileReference; lastKnownFileType = sourcecode.swift; path = Trunk.swift; sourceTree = "<group>"; };
		ACF7506E2122CCC500AC3E11 /* Cargo.swift */ = {isa = PBXFileReference; lastKnownFileType = sourcecode.swift; path = Cargo.swift; sourceTree = "<group>"; };
		ACF750732122F62600AC3E11 /* CapsulesRequest.swift */ = {isa = PBXFileReference; lastKnownFileType = sourcecode.swift; path = CapsulesRequest.swift; sourceTree = "<group>"; };
		ACF750752122F65C00AC3E11 /* CapsulesDispatcher.swift */ = {isa = PBXFileReference; lastKnownFileType = sourcecode.swift; path = CapsulesDispatcher.swift; sourceTree = "<group>"; };
		ACF750782122F69100AC3E11 /* CapsuleRequest.swift */ = {isa = PBXFileReference; lastKnownFileType = sourcecode.swift; path = CapsuleRequest.swift; sourceTree = "<group>"; };
		ACF7507A2122F6F400AC3E11 /* CapsuleDispatcher.swift */ = {isa = PBXFileReference; lastKnownFileType = sourcecode.swift; path = CapsuleDispatcher.swift; sourceTree = "<group>"; };
		ACF8C7882167A4FD0003E8FC /* SubtitleTableViewCell.swift */ = {isa = PBXFileReference; lastKnownFileType = sourcecode.swift; path = SubtitleTableViewCell.swift; sourceTree = "<group>"; };
		ACF8C78A2167A5200003E8FC /* RightDisclosureTableViewCell.swift */ = {isa = PBXFileReference; lastKnownFileType = sourcecode.swift; path = RightDisclosureTableViewCell.swift; sourceTree = "<group>"; };
		ACF8C78F2167A6430003E8FC /* TableViewDataRepresentable.swift */ = {isa = PBXFileReference; lastKnownFileType = sourcecode.swift; path = TableViewDataRepresentable.swift; sourceTree = "<group>"; };
		ACF8C7912167A8170003E8FC /* TableViewDataConfigurable.swift */ = {isa = PBXFileReference; lastKnownFileType = sourcecode.swift; path = TableViewDataConfigurable.swift; sourceTree = "<group>"; };
		DD641E9E2031760A0094B7A2 /* SpaceX Data.app */ = {isa = PBXFileReference; explicitFileType = wrapper.application; includeInIndex = 0; path = "SpaceX Data.app"; sourceTree = BUILT_PRODUCTS_DIR; };
		DD641EA12031760A0094B7A2 /* AppDelegate.swift */ = {isa = PBXFileReference; lastKnownFileType = sourcecode.swift; path = AppDelegate.swift; sourceTree = "<group>"; };
		DD641EA62031760A0094B7A2 /* Base */ = {isa = PBXFileReference; lastKnownFileType = file.storyboard; name = Base; path = Base.lproj/Main.storyboard; sourceTree = "<group>"; };
		DD641EAB2031760A0094B7A2 /* Base */ = {isa = PBXFileReference; lastKnownFileType = file.storyboard; name = Base; path = Base.lproj/LaunchScreen.storyboard; sourceTree = "<group>"; };
		DD641EAD2031760A0094B7A2 /* Info.plist */ = {isa = PBXFileReference; lastKnownFileType = text.plist.xml; path = Info.plist; sourceTree = "<group>"; };
		DD641EB22031760A0094B7A2 /* SpaceX DataTests.xctest */ = {isa = PBXFileReference; explicitFileType = wrapper.cfbundle; includeInIndex = 0; path = "SpaceX DataTests.xctest"; sourceTree = BUILT_PRODUCTS_DIR; };
		DD641EB82031760A0094B7A2 /* Info.plist */ = {isa = PBXFileReference; lastKnownFileType = text.plist.xml; path = Info.plist; sourceTree = "<group>"; };
		DD641EBB2031760A0094B7A2 /* SpaceX Data WatchKit App.app */ = {isa = PBXFileReference; explicitFileType = wrapper.application; includeInIndex = 0; path = "SpaceX Data WatchKit App.app"; sourceTree = BUILT_PRODUCTS_DIR; };
		DD641EC12031760A0094B7A2 /* Base */ = {isa = PBXFileReference; lastKnownFileType = file.storyboard; name = Base; path = Base.lproj/Interface.storyboard; sourceTree = "<group>"; };
		DD641EC32031760A0094B7A2 /* Assets.xcassets */ = {isa = PBXFileReference; lastKnownFileType = folder.assetcatalog; path = Assets.xcassets; sourceTree = "<group>"; };
		DD641EC52031760A0094B7A2 /* Info.plist */ = {isa = PBXFileReference; lastKnownFileType = text.plist.xml; path = Info.plist; sourceTree = "<group>"; };
		DD641ECA2031760A0094B7A2 /* SpaceX Data WatchKit Extension.appex */ = {isa = PBXFileReference; explicitFileType = "wrapper.app-extension"; includeInIndex = 0; path = "SpaceX Data WatchKit Extension.appex"; sourceTree = BUILT_PRODUCTS_DIR; };
		DD641ECF2031760A0094B7A2 /* InterfaceController.swift */ = {isa = PBXFileReference; lastKnownFileType = sourcecode.swift; path = InterfaceController.swift; sourceTree = "<group>"; };
		DD641ED12031760A0094B7A2 /* ExtensionDelegate.swift */ = {isa = PBXFileReference; lastKnownFileType = sourcecode.swift; path = ExtensionDelegate.swift; sourceTree = "<group>"; };
		DD641ED32031760A0094B7A2 /* Assets.xcassets */ = {isa = PBXFileReference; lastKnownFileType = folder.assetcatalog; path = Assets.xcassets; sourceTree = "<group>"; };
		DD641ED52031760A0094B7A2 /* Info.plist */ = {isa = PBXFileReference; lastKnownFileType = text.plist.xml; path = Info.plist; sourceTree = "<group>"; };
		DD641EE920318EFE0094B7A2 /* Request.swift */ = {isa = PBXFileReference; lastKnownFileType = sourcecode.swift; path = Request.swift; sourceTree = "<group>"; };
		DD641EF0203191770094B7A2 /* CompanyInfo.swift */ = {isa = PBXFileReference; lastKnownFileType = sourcecode.swift; path = CompanyInfo.swift; sourceTree = "<group>"; };
		DD641EF2203192B90094B7A2 /* Address.swift */ = {isa = PBXFileReference; lastKnownFileType = sourcecode.swift; path = Address.swift; sourceTree = "<group>"; };
/* End PBXFileReference section */

/* Begin PBXFrameworksBuildPhase section */
		DD641E9B2031760A0094B7A2 /* Frameworks */ = {
			isa = PBXFrameworksBuildPhase;
			buildActionMask = 2147483647;
			files = (
			);
			runOnlyForDeploymentPostprocessing = 0;
		};
		DD641EAF2031760A0094B7A2 /* Frameworks */ = {
			isa = PBXFrameworksBuildPhase;
			buildActionMask = 2147483647;
			files = (
			);
			runOnlyForDeploymentPostprocessing = 0;
		};
		DD641EC72031760A0094B7A2 /* Frameworks */ = {
			isa = PBXFrameworksBuildPhase;
			buildActionMask = 2147483647;
			files = (
			);
			runOnlyForDeploymentPostprocessing = 0;
		};
/* End PBXFrameworksBuildPhase section */

/* Begin PBXGroup section */
		AC03BDA6212472F800FBA093 /* Launches */ = {
			isa = PBXGroup;
			children = (
				ACA878032125ABD70020DE02 /* Single launch */,
				AC03BDA72124730500FBA093 /* Multiple launches */,
			);
			path = Launches;
			sourceTree = "<group>";
		};
		AC03BDA72124730500FBA093 /* Multiple launches */ = {
			isa = PBXGroup;
			children = (
				AC03BDA92124732E00FBA093 /* LaunchesRequest.swift */,
				AC03BDAB212473CA00FBA093 /* LaunchesDispatcher.swift */,
			);
			path = "Multiple launches";
			sourceTree = "<group>";
		};
		AC18E545211D94020065FBBC /* All Launchpads */ = {
			isa = PBXGroup;
			children = (
				AC18E546211D94420065FBBC /* LaunchpadsRequest.swift */,
				ACF3F677211D94D1007E738E /* LaunchpadsDispatcher.swift */,
			);
			path = "All Launchpads";
			sourceTree = "<group>";
		};
		AC1BDCD72122FD4800148F31 /* Capsules */ = {
			isa = PBXGroup;
			children = (
				ACF750772122F68500AC3E11 /* Single capsule */,
				ACF750712122F60000AC3E11 /* Multiple capsules */,
			);
			path = Capsules;
			sourceTree = "<group>";
		};
		AC1BDCD82122FD4C00148F31 /* Capsule Details */ = {
			isa = PBXGroup;
			children = (
				AC1BDCDA2122FD6600148F31 /* Multiple capsule details */,
				AC1BDCD92122FD6400148F31 /* Single capsule details */,
			);
			path = "Capsule Details";
			sourceTree = "<group>";
		};
		AC1BDCD92122FD6400148F31 /* Single capsule details */ = {
			isa = PBXGroup;
			children = (
				AC1BDCDB2122FD8C00148F31 /* CapsuleDetailsRequest.swift */,
				AC1BDCDD2122FDDF00148F31 /* CapsuleDetailsDispatcher.swift */,
			);
			path = "Single capsule details";
			sourceTree = "<group>";
		};
		AC1BDCDA2122FD6600148F31 /* Multiple capsule details */ = {
			isa = PBXGroup;
			children = (
				AC1BDCDF2122FE0C00148F31 /* CapsulesDetailsRequest.swift */,
				AC1BDCE12123003D00148F31 /* CapsulesDetailsDispatcher.swift */,
			);
			path = "Multiple capsule details";
			sourceTree = "<group>";
		};
		AC1BDCE321231D2100148F31 /* Launch */ = {
			isa = PBXGroup;
			children = (
				AC78733B21242D1C000F0DFC /* Launched rocket */,
				AC1BDCE421231D3000148F31 /* Launch.swift */,
				AC03BD9E2124595B00FBA093 /* Telemetry.swift */,
				AC03BDA221245BB300FBA093 /* LaunchSite.swift */,
				AC03BDA421245C8C00FBA093 /* LaunchInfoLinks.swift */,
			);
			path = Launch;
			sourceTree = "<group>";
		};
		AC28445321639C7500DE335C /* More Section */ = {
			isa = PBXGroup;
			children = (
				AC2844572163A0D900DE335C /* Company Info */,
				AC2844562163A0D000DE335C /* Launchpads */,
				ACB5EBEF2165099D004D9CC6 /* Roadster Info */,
				AC2844482163664700DE335C /* MoreViewController.swift */,
			);
			path = "More Section";
			sourceTree = "<group>";
		};
		AC2844562163A0D000DE335C /* Launchpads */ = {
			isa = PBXGroup;
			children = (
				AC28445421639C8E00DE335C /* LaunchpadsViewController.swift */,
				AC2844582163A80200DE335C /* LaunchpadDetailViewController.swift */,
			);
			path = Launchpads;
			sourceTree = "<group>";
		};
		AC2844572163A0D900DE335C /* Company Info */ = {
			isa = PBXGroup;
			children = (
				ACA5D096215A415100198669 /* CompanyInfoViewController.swift */,
				AC43B009215A6D8E007B7CD8 /* MapViewViewController.swift */,
			);
			path = "Company Info";
			sourceTree = "<group>";
		};
		AC330A1E212C28C300358467 /* Capsules */ = {
			isa = PBXGroup;
			children = (
				AC330A1F212C28D000358467 /* Capsule Details */,
				AC330A26212C2FCB00358467 /* Capsules */,
			);
			path = Capsules;
			sourceTree = "<group>";
		};
		AC330A1F212C28D000358467 /* Capsule Details */ = {
			isa = PBXGroup;
			children = (
				AC330A24212C2CA800358467 /* CapsuleDetailsDispatcherTests.swift */,
				AC330A22212C292A00358467 /* CapsulesDetailsDispatcherTests.swift */,
			);
			path = "Capsule Details";
			sourceTree = "<group>";
		};
		AC330A26212C2FCB00358467 /* Capsules */ = {
			isa = PBXGroup;
			children = (
				AC330A27212C2FFC00358467 /* CapsuleDispatcherTests.swift */,
				AC330A29212C311200358467 /* CapsulesDispatcherTests.swift */,
			);
			path = Capsules;
			sourceTree = "<group>";
		};
		AC330A2B212D504100358467 /* Launches */ = {
			isa = PBXGroup;
			children = (
				AC330A2C212D505900358467 /* LaunchDispatcherTests.swift */,
				AC330A2E212D522400358467 /* LaunchesDispatcherTests.swift */,
			);
			path = Launches;
			sourceTree = "<group>";
		};
		AC541AA821661C4F002220FE /* Views */ = {
			isa = PBXGroup;
			children = (
				AC541AB021665C6C002220FE /* Activity Indicator */,
				AC541AA921661C71002220FE /* TableView Cells */,
			);
			path = Views;
			sourceTree = "<group>";
		};
		AC541AA921661C71002220FE /* TableView Cells */ = {
			isa = PBXGroup;
			children = (
				ACF8C7882167A4FD0003E8FC /* SubtitleTableViewCell.swift */,
				ACF8C78A2167A5200003E8FC /* RightDisclosureTableViewCell.swift */,
				AC541AAA21661CA1002220FE /* MeasurementTableViewCell.swift */,
				AC541AAE216654B3002220FE /* URLTableViewCell.swift */,
			);
			path = "TableView Cells";
			sourceTree = "<group>";
		};
		AC541AB021665C6C002220FE /* Activity Indicator */ = {
			isa = PBXGroup;
			children = (
				AC28444B2163861B00DE335C /* ActivityIndicator.swift */,
			);
			path = "Activity Indicator";
			sourceTree = "<group>";
		};
		AC750371211859C200AED17B /* Extensions */ = {
			isa = PBXGroup;
			children = (
				AC750372211859D100AED17B /* String+Extensions.swift */,
				AC7503782119A28F00AED17B /* DateFormatter+Extensions.swift */,
				AC75037F2119D93600AED17B /* HTTPURLResponse+Extensions.swift */,
				ACA87801212574F80020DE02 /* ComparisonResult+Extensions.swift */,
				ACF3AD402136A172001A3FF0 /* UIColor+Extensions.swift */,
				AC28444F21638D4000DE335C /* UIViewController+Extensions.swift */,
				AC28445121639BBB00DE335C /* NumberFormatter+Extensions.swift */,
			);
			path = Extensions;
			sourceTree = "<group>";
		};
		AC75037E2119B79B00AED17B /* Single Rocket */ = {
			isa = PBXGroup;
			children = (
				AC9380FB2107674A00880E07 /* RocketRequests.swift */,
				AC9380FD21076A3C00880E07 /* RocketDispatcher.swift */,
			);
			path = "Single Rocket";
			sourceTree = "<group>";
		};
		AC7503812119DA5600AED17B /* Base abstractions */ = {
			isa = PBXGroup;
			children = (
				ACDA35042034B71000A06795 /* Dispatcher.swift */,
				DD641EE920318EFE0094B7A2 /* Request.swift */,
				AC88C8CB211DCB860093A813 /* DetailedItemRequest.swift */,
				AC1A5CDD203430D7000A3618 /* Response.swift */,
				AC1A5CDF203430F2000A3618 /* NetworkError.swift */,
				AC7726B221216419000A3B5A /* QueryFilter.swift */,
			);
			path = "Base abstractions";
			sourceTree = "<group>";
		};
		AC78733B21242D1C000F0DFC /* Launched rocket */ = {
			isa = PBXGroup;
			children = (
				AC78733C21242D29000F0DFC /* First stage */,
				AC78733D212430AD000F0DFC /* Second stage */,
				AC7873312124111E000F0DFC /* LaunchedRocket.swift */,
				AC03BDA021245A1600FBA093 /* LaunchedRocketReusedParts.swift */,
			);
			path = "Launched rocket";
			sourceTree = "<group>";
		};
		AC78733C21242D29000F0DFC /* First stage */ = {
			isa = PBXGroup;
			children = (
				AC787335212413D7000F0DFC /* LaunchedRocketFirstStageCoreBooster.swift */,
				AC7873332124138D000F0DFC /* LaunchedRocketFirstStage.swift */,
			);
			path = "First stage";
			sourceTree = "<group>";
		};
		AC78733D212430AD000F0DFC /* Second stage */ = {
			isa = PBXGroup;
			children = (
				AC78733721242CC2000F0DFC /* LaunchedRocketSecondStage.swift */,
				AC78733921242CF9000F0DFC /* LaunchedPayload.swift */,
				AC78733E212434E4000F0DFC /* OrbitParameters.swift */,
			);
			path = "Second stage";
			sourceTree = "<group>";
		};
		AC78D5302121BB0900D0EED6 /* Capsule */ = {
			isa = PBXGroup;
			children = (
				AC78D5312121BB1F00D0EED6 /* Capsule.swift */,
				AC6E46AA21820A27002C8433 /* Mission.swift */,
				AC78D5332121BD2C00D0EED6 /* HeatShield.swift */,
				ACF750682122C39600AC3E11 /* Thruster.swift */,
				ACF7506C2122CC8300AC3E11 /* Trunk.swift */,
				ACF7506E2122CCC500AC3E11 /* Cargo.swift */,
				AC1BDCD52122F95300148F31 /* CapsuleDetails.swift */,
			);
			path = Capsule;
			sourceTree = "<group>";
		};
		AC88C8CD211DCD340093A813 /* Core boosters */ = {
			isa = PBXGroup;
			children = (
				AC88C8CE211DCD440093A813 /* Single core booster */,
				AC88C8D6211DD4880093A813 /* Multiple core booster */,
			);
			path = "Core boosters";
			sourceTree = "<group>";
		};
		AC88C8CE211DCD440093A813 /* Single core booster */ = {
			isa = PBXGroup;
			children = (
				AC88C8CF211DCD500093A813 /* CoreBoosterRequest.swift */,
				AC88C8D1211DCDBB0093A813 /* CoreBoosterDispatcher.swift */,
			);
			path = "Single core booster";
			sourceTree = "<group>";
		};
		AC88C8D3211DCDF50093A813 /* Core booster */ = {
			isa = PBXGroup;
			children = (
				AC88C8D4211DCE040093A813 /* CoreBooster.swift */,
			);
			path = "Core booster";
			sourceTree = "<group>";
		};
		AC88C8D6211DD4880093A813 /* Multiple core booster */ = {
			isa = PBXGroup;
			children = (
				AC88C8D7211DD4AF0093A813 /* CoreBoostersRequest.swift */,
				AC10EEB4211DD71B0093D3BE /* CoreBoostersDispatcher.swift */,
			);
			path = "Multiple core booster";
			sourceTree = "<group>";
		};
		AC9380FA2107673700880E07 /* All Rockets */ = {
			isa = PBXGroup;
			children = (
				AC75037A2119B70D00AED17B /* RocketsRequest.swift */,
				AC75037C2119B74700AED17B /* RocketsDispatcher.swift */,
			);
			path = "All Rockets";
			sourceTree = "<group>";
		};
		AC9380FF21076A6B00880E07 /* CompanyInfo */ = {
			isa = PBXGroup;
			children = (
				DD641EF0203191770094B7A2 /* CompanyInfo.swift */,
			);
			path = CompanyInfo;
			sourceTree = "<group>";
		};
		AC93810021076A8100880E07 /* Rockets */ = {
			isa = PBXGroup;
			children = (
				AC93810121076A8B00880E07 /* Rocket.swift */,
				ACD76E362108C3F700F4CD14 /* RocketStage.swift */,
				ACD76E382108C62500F4CD14 /* RocketFirstStage.swift */,
				ACD76E3A2108C7D700F4CD14 /* RocketSecondStage.swift */,
				ACD76E322108C15C00F4CD14 /* PayloadWeight.swift */,
				ACD76E3C2108C86600F4CD14 /* Payloads.swift */,
				ACD76E3E2108C88700F4CD14 /* CompositeFairing.swift */,
				AC75037421185DD500AED17B /* Engines.swift */,
				AC750376211866B300AED17B /* LandingLegs.swift */,
			);
			path = Rockets;
			sourceTree = "<group>";
		};
		AC93810321076C6300880E07 /* Measurements */ = {
			isa = PBXGroup;
			children = (
				ACD76E302108B8F700F4CD14 /* Measurement.swift */,
				AC93810421076C7400880E07 /* Distance.swift */,
				AC93810621076C9B00880E07 /* Mass.swift */,
				ACD76E342108C39000F4CD14 /* Thrust.swift */,
				ACE20864211B038B00F27DC5 /* Speed.swift */,
				AC78D5352121C1FE00D0EED6 /* Temperature.swift */,
				ACF7506A2122C68500AC3E11 /* Volume.swift */,
			);
			path = Measurements;
			sourceTree = "<group>";
		};
		ACA5D095215A413A00198669 /* ViewControllers */ = {
			isa = PBXGroup;
			children = (
				AC28445321639C7500DE335C /* More Section */,
			);
			path = ViewControllers;
			sourceTree = "<group>";
		};
		ACA878032125ABD70020DE02 /* Single launch */ = {
			isa = PBXGroup;
			children = (
				ACA878042125ABE90020DE02 /* LaunchRequest.swift */,
				ACA878062125AC3A0020DE02 /* LaunchDispatcher.swift */,
			);
			path = "Single launch";
			sourceTree = "<group>";
		};
		ACA8780D2125BB840020DE02 /* Mocks */ = {
			isa = PBXGroup;
			children = (
				ACA8780E2125BBC50020DE02 /* MockRequest.swift */,
				ACA878122125C1870020DE02 /* MockDecodableObject.swift */,
			);
			path = Mocks;
			sourceTree = "<group>";
		};
		ACB5EBEF2165099D004D9CC6 /* Roadster Info */ = {
			isa = PBXGroup;
			children = (
				ACB5EBF0216509EC004D9CC6 /* RoadsterInfoViewController.swift */,
			);
			path = "Roadster Info";
			sourceTree = "<group>";
		};
		ACB97854212AC9D600645D0C /* Networking */ = {
			isa = PBXGroup;
			children = (
				ACA8780D2125BB840020DE02 /* Mocks */,
				ACB97856212AC9F700645D0C /* Base abstractions tests */,
				ACB97855212AC9E500645D0C /* DispatcherTests */,
			);
			path = Networking;
			sourceTree = "<group>";
		};
		ACB97855212AC9E500645D0C /* DispatcherTests */ = {
			isa = PBXGroup;
			children = (
				ACB9785D212ACE8100645D0C /* Launchpads */,
				ACB9785E212ACE8E00645D0C /* Rockets */,
				ACB9785C212ACE7800645D0C /* Company Info */,
				ACB97863212AD07D00645D0C /* Roadster Info */,
				ACB97866212AD12D00645D0C /* Core boosters */,
				AC330A1E212C28C300358467 /* Capsules */,
				AC330A2B212D504100358467 /* Launches */,
			);
			path = DispatcherTests;
			sourceTree = "<group>";
		};
		ACB97856212AC9F700645D0C /* Base abstractions tests */ = {
			isa = PBXGroup;
			children = (
				ACA878162125C7A20020DE02 /* ReponseTests.swift */,
			);
			path = "Base abstractions tests";
			sourceTree = "<group>";
		};
		ACB9785C212ACE7800645D0C /* Company Info */ = {
			isa = PBXGroup;
			children = (
				ACB97852212AC7B000645D0C /* CompanyInfoDispatcherTests.swift */,
			);
			path = "Company Info";
			sourceTree = "<group>";
		};
		ACB9785D212ACE8100645D0C /* Launchpads */ = {
			isa = PBXGroup;
			children = (
				ACB97857212ACA3100645D0C /* LaunchpadDispatcherTests.swift */,
				ACB97859212ACDC800645D0C /* LaunchpadsDispatcherTests.swift */,
			);
			path = Launchpads;
			sourceTree = "<group>";
		};
		ACB9785E212ACE8E00645D0C /* Rockets */ = {
			isa = PBXGroup;
			children = (
				ACB9785F212ACEA300645D0C /* RocketDispatcherTests.swift */,
				ACB97861212ACFC100645D0C /* RocketsDispatcherTests.swift */,
			);
			path = Rockets;
			sourceTree = "<group>";
		};
		ACB97863212AD07D00645D0C /* Roadster Info */ = {
			isa = PBXGroup;
			children = (
				ACB97864212AD0A100645D0C /* RoadsterInfoDispatcherTests.swift */,
			);
			path = "Roadster Info";
			sourceTree = "<group>";
		};
		ACB97866212AD12D00645D0C /* Core boosters */ = {
			isa = PBXGroup;
			children = (
				ACB97867212AD14B00645D0C /* CoreBoosterDispatcherTests.swift */,
				ACB97869212AD34800645D0C /* CoreBoostersDispatcherTests.swift */,
			);
			path = "Core boosters";
			sourceTree = "<group>";
		};
		ACE20861211B019400F27DC5 /* RoadsterInfo */ = {
			isa = PBXGroup;
			children = (
				ACE20862211B01C200F27DC5 /* RoadsterInfo.swift */,
			);
			path = RoadsterInfo;
			sourceTree = "<group>";
		};
		ACE20866211B231A00F27DC5 /* Roadster Info */ = {
			isa = PBXGroup;
			children = (
				ACE20867211B233000F27DC5 /* RoadsterInfoRequest.swift */,
				ACE20869211B239200F27DC5 /* RoadsterInfoDispatcher.swift */,
			);
			path = "Roadster Info";
			sourceTree = "<group>";
		};
		ACE3C89C2107223600C9EEE7 /* Company Info */ = {
			isa = PBXGroup;
			children = (
				AC47C1C720AD83D5004C2D74 /* CompanyInfoRequest.swift */,
				ACE3C89D2107224900C9EEE7 /* CompanyInfoDispatcher.swift */,
			);
			path = "Company Info";
			sourceTree = "<group>";
		};
		ACF3F679211D9500007E738E /* Launchpad */ = {
			isa = PBXGroup;
			children = (
				ACF3F67A211D951C007E738E /* Launchpad.swift */,
			);
			path = Launchpad;
			sourceTree = "<group>";
		};
		ACF3F67C211D95F5007E738E /* Common models */ = {
			isa = PBXGroup;
			children = (
				ACF3F67D211D9608007E738E /* Geographic models */,
				AC93810321076C6300880E07 /* Measurements */,
			);
			path = "Common models";
			sourceTree = "<group>";
		};
		ACF3F67D211D9608007E738E /* Geographic models */ = {
			isa = PBXGroup;
			children = (
				DD641EF2203192B90094B7A2 /* Address.swift */,
				ACF3F67E211D9666007E738E /* Location.swift */,
				ACB5EBED2165064C004D9CC6 /* PlacemarkBlank.swift */,
			);
			path = "Geographic models";
			sourceTree = "<group>";
		};
		ACF3F680211D9918007E738E /* Rockets */ = {
			isa = PBXGroup;
			children = (
				AC75037E2119B79B00AED17B /* Single Rocket */,
				AC9380FA2107673700880E07 /* All Rockets */,
			);
			path = Rockets;
			sourceTree = "<group>";
		};
		ACF3F681211D9930007E738E /* Launchpads */ = {
			isa = PBXGroup;
			children = (
				ACF3F682211D993C007E738E /* Single Launchpad */,
				AC18E545211D94020065FBBC /* All Launchpads */,
			);
			path = Launchpads;
			sourceTree = "<group>";
		};
		ACF3F682211D993C007E738E /* Single Launchpad */ = {
			isa = PBXGroup;
			children = (
				ACF3F683211D9949007E738E /* LaunchpadRequest.swift */,
				ACF3F685211D9ED7007E738E /* LaunchpadDispatcher.swift */,
			);
			path = "Single Launchpad";
			sourceTree = "<group>";
		};
		ACF3F687211DA2B8007E738E /* Network activity indicator manager */ = {
			isa = PBXGroup;
			children = (
				ACF3F688211DA2F9007E738E /* NetworkActivityIndicatorManager.swift */,
			);
			path = "Network activity indicator manager";
			sourceTree = "<group>";
		};
		ACF3F68A211DA863007E738E /* Helpers */ = {
			isa = PBXGroup;
			children = (
				AC8FA091211DA8D3009F5D9C /* SynchronizedArray.swift */,
				AC6E46A82181F003002C8433 /* TableViewData.swift */,
			);
			path = Helpers;
			sourceTree = "<group>";
		};
		ACF750702122F5E900AC3E11 /* Capsules */ = {
			isa = PBXGroup;
			children = (
				AC1BDCD82122FD4C00148F31 /* Capsule Details */,
				AC1BDCD72122FD4800148F31 /* Capsules */,
			);
			path = Capsules;
			sourceTree = "<group>";
		};
		ACF750712122F60000AC3E11 /* Multiple capsules */ = {
			isa = PBXGroup;
			children = (
				ACF750732122F62600AC3E11 /* CapsulesRequest.swift */,
				ACF750752122F65C00AC3E11 /* CapsulesDispatcher.swift */,
			);
			path = "Multiple capsules";
			sourceTree = "<group>";
		};
		ACF750772122F68500AC3E11 /* Single capsule */ = {
			isa = PBXGroup;
			children = (
				ACF750782122F69100AC3E11 /* CapsuleRequest.swift */,
				ACF7507A2122F6F400AC3E11 /* CapsuleDispatcher.swift */,
			);
			path = "Single capsule";
			sourceTree = "<group>";
		};
		ACF8C78E2167A6120003E8FC /* Protocols */ = {
			isa = PBXGroup;
			children = (
				ACF8C78F2167A6430003E8FC /* TableViewDataRepresentable.swift */,
				ACF8C7912167A8170003E8FC /* TableViewDataConfigurable.swift */,
			);
			path = Protocols;
			sourceTree = "<group>";
		};
		DD641E952031760A0094B7A2 = {
			isa = PBXGroup;
			children = (
				DD641EA02031760A0094B7A2 /* SpaceX Data */,
				DD641EB52031760A0094B7A2 /* SpaceX DataTests */,
				DD641EBF2031760A0094B7A2 /* SpaceX Data WatchKit App */,
				DD641ECE2031760A0094B7A2 /* SpaceX Data WatchKit Extension */,
				DD641E9F2031760A0094B7A2 /* Products */,
			);
			sourceTree = "<group>";
		};
		DD641E9F2031760A0094B7A2 /* Products */ = {
			isa = PBXGroup;
			children = (
				DD641E9E2031760A0094B7A2 /* SpaceX Data.app */,
				DD641EB22031760A0094B7A2 /* SpaceX DataTests.xctest */,
				DD641EBB2031760A0094B7A2 /* SpaceX Data WatchKit App.app */,
				DD641ECA2031760A0094B7A2 /* SpaceX Data WatchKit Extension.appex */,
			);
			name = Products;
			sourceTree = "<group>";
		};
		DD641EA02031760A0094B7A2 /* SpaceX Data */ = {
			isa = PBXGroup;
			children = (
				ACF8C78E2167A6120003E8FC /* Protocols */,
				ACF3F68A211DA863007E738E /* Helpers */,
				AC750371211859C200AED17B /* Extensions */,
				DD641EEF203191630094B7A2 /* Models */,
				DD641EE8203179140094B7A2 /* Networking */,
				ACA5D095215A413A00198669 /* ViewControllers */,
				AC541AA821661C4F002220FE /* Views */,
				DD641EA12031760A0094B7A2 /* AppDelegate.swift */,
				DD641EA52031760A0094B7A2 /* Main.storyboard */,
				DD641EAA2031760A0094B7A2 /* LaunchScreen.storyboard */,
				ACC3C8732136A6E80045F01D /* Assets.xcassets */,
				DD641EAD2031760A0094B7A2 /* Info.plist */,
			);
			path = "SpaceX Data";
			sourceTree = "<group>";
		};
		DD641EB52031760A0094B7A2 /* SpaceX DataTests */ = {
			isa = PBXGroup;
			children = (
				ACB97854212AC9D600645D0C /* Networking */,
				DD641EB82031760A0094B7A2 /* Info.plist */,
			);
			path = "SpaceX DataTests";
			sourceTree = "<group>";
		};
		DD641EBF2031760A0094B7A2 /* SpaceX Data WatchKit App */ = {
			isa = PBXGroup;
			children = (
				DD641EC02031760A0094B7A2 /* Interface.storyboard */,
				DD641EC32031760A0094B7A2 /* Assets.xcassets */,
				DD641EC52031760A0094B7A2 /* Info.plist */,
			);
			path = "SpaceX Data WatchKit App";
			sourceTree = "<group>";
		};
		DD641ECE2031760A0094B7A2 /* SpaceX Data WatchKit Extension */ = {
			isa = PBXGroup;
			children = (
				DD641ECF2031760A0094B7A2 /* InterfaceController.swift */,
				DD641ED12031760A0094B7A2 /* ExtensionDelegate.swift */,
				DD641ED32031760A0094B7A2 /* Assets.xcassets */,
				DD641ED52031760A0094B7A2 /* Info.plist */,
			);
			path = "SpaceX Data WatchKit Extension";
			sourceTree = "<group>";
		};
		DD641EE8203179140094B7A2 /* Networking */ = {
			isa = PBXGroup;
			children = (
				ACF3F687211DA2B8007E738E /* Network activity indicator manager */,
				AC7503812119DA5600AED17B /* Base abstractions */,
				ACF3F681211D9930007E738E /* Launchpads */,
				ACF3F680211D9918007E738E /* Rockets */,
				ACE3C89C2107223600C9EEE7 /* Company Info */,
				ACE20866211B231A00F27DC5 /* Roadster Info */,
				AC88C8CD211DCD340093A813 /* Core boosters */,
				ACF750702122F5E900AC3E11 /* Capsules */,
				AC03BDA6212472F800FBA093 /* Launches */,
			);
			path = Networking;
			sourceTree = "<group>";
		};
		DD641EEF203191630094B7A2 /* Models */ = {
			isa = PBXGroup;
			children = (
				ACF3F67C211D95F5007E738E /* Common models */,
				AC93810021076A8100880E07 /* Rockets */,
				ACE20861211B019400F27DC5 /* RoadsterInfo */,
				AC9380FF21076A6B00880E07 /* CompanyInfo */,
				ACF3F679211D9500007E738E /* Launchpad */,
				AC88C8D3211DCDF50093A813 /* Core booster */,
				AC78D5302121BB0900D0EED6 /* Capsule */,
				AC1BDCE321231D2100148F31 /* Launch */,
			);
			path = Models;
			sourceTree = "<group>";
		};
/* End PBXGroup section */

/* Begin PBXNativeTarget section */
		DD641E9D2031760A0094B7A2 /* SpaceX Data */ = {
			isa = PBXNativeTarget;
			buildConfigurationList = DD641EE02031760A0094B7A2 /* Build configuration list for PBXNativeTarget "SpaceX Data" */;
			buildPhases = (
				DD641E9A2031760A0094B7A2 /* Sources */,
				DD641E9B2031760A0094B7A2 /* Frameworks */,
				DD641E9C2031760A0094B7A2 /* Resources */,
				DD641EDF2031760A0094B7A2 /* Embed Watch Content */,
			);
			buildRules = (
			);
			dependencies = (
				DD641EBE2031760A0094B7A2 /* PBXTargetDependency */,
			);
			name = "SpaceX Data";
			productName = "SpaceX Data";
			productReference = DD641E9E2031760A0094B7A2 /* SpaceX Data.app */;
			productType = "com.apple.product-type.application";
		};
		DD641EB12031760A0094B7A2 /* SpaceX DataTests */ = {
			isa = PBXNativeTarget;
			buildConfigurationList = DD641EE32031760A0094B7A2 /* Build configuration list for PBXNativeTarget "SpaceX DataTests" */;
			buildPhases = (
				DD641EAE2031760A0094B7A2 /* Sources */,
				DD641EAF2031760A0094B7A2 /* Frameworks */,
				DD641EB02031760A0094B7A2 /* Resources */,
			);
			buildRules = (
			);
			dependencies = (
				DD641EB42031760A0094B7A2 /* PBXTargetDependency */,
			);
			name = "SpaceX DataTests";
			productName = "SpaceX DataTests";
			productReference = DD641EB22031760A0094B7A2 /* SpaceX DataTests.xctest */;
			productType = "com.apple.product-type.bundle.unit-test";
		};
		DD641EBA2031760A0094B7A2 /* SpaceX Data WatchKit App */ = {
			isa = PBXNativeTarget;
			buildConfigurationList = DD641EDC2031760A0094B7A2 /* Build configuration list for PBXNativeTarget "SpaceX Data WatchKit App" */;
			buildPhases = (
				DD641EB92031760A0094B7A2 /* Resources */,
				DD641EDB2031760A0094B7A2 /* Embed App Extensions */,
			);
			buildRules = (
			);
			dependencies = (
				DD641ECD2031760A0094B7A2 /* PBXTargetDependency */,
			);
			name = "SpaceX Data WatchKit App";
			productName = "SpaceX Data WatchKit App";
			productReference = DD641EBB2031760A0094B7A2 /* SpaceX Data WatchKit App.app */;
			productType = "com.apple.product-type.application.watchapp2";
		};
		DD641EC92031760A0094B7A2 /* SpaceX Data WatchKit Extension */ = {
			isa = PBXNativeTarget;
			buildConfigurationList = DD641ED82031760A0094B7A2 /* Build configuration list for PBXNativeTarget "SpaceX Data WatchKit Extension" */;
			buildPhases = (
				DD641EC62031760A0094B7A2 /* Sources */,
				DD641EC72031760A0094B7A2 /* Frameworks */,
				DD641EC82031760A0094B7A2 /* Resources */,
			);
			buildRules = (
			);
			dependencies = (
			);
			name = "SpaceX Data WatchKit Extension";
			productName = "SpaceX Data WatchKit Extension";
			productReference = DD641ECA2031760A0094B7A2 /* SpaceX Data WatchKit Extension.appex */;
			productType = "com.apple.product-type.watchkit2-extension";
		};
/* End PBXNativeTarget section */

/* Begin PBXProject section */
		DD641E962031760A0094B7A2 /* Project object */ = {
			isa = PBXProject;
			attributes = {
				LastSwiftUpdateCheck = 0920;
				LastUpgradeCheck = 0940;
				ORGANIZATIONNAME = "Vadim Rupets";
				TargetAttributes = {
					DD641E9D2031760A0094B7A2 = {
						CreatedOnToolsVersion = 9.2;
						LastSwiftMigration = 1000;
						ProvisioningStyle = Automatic;
					};
					DD641EB12031760A0094B7A2 = {
						CreatedOnToolsVersion = 9.2;
						LastSwiftMigration = 1000;
						ProvisioningStyle = Automatic;
						TestTargetID = DD641E9D2031760A0094B7A2;
					};
					DD641EBA2031760A0094B7A2 = {
						CreatedOnToolsVersion = 9.2;
						ProvisioningStyle = Automatic;
					};
					DD641EC92031760A0094B7A2 = {
						CreatedOnToolsVersion = 9.2;
						LastSwiftMigration = 1000;
						ProvisioningStyle = Automatic;
					};
				};
			};
			buildConfigurationList = DD641E992031760A0094B7A2 /* Build configuration list for PBXProject "SpaceX Data" */;
			compatibilityVersion = "Xcode 8.0";
			developmentRegion = en;
			hasScannedForEncodings = 0;
			knownRegions = (
				en,
				Base,
			);
			mainGroup = DD641E952031760A0094B7A2;
			productRefGroup = DD641E9F2031760A0094B7A2 /* Products */;
			projectDirPath = "";
			projectRoot = "";
			targets = (
				DD641E9D2031760A0094B7A2 /* SpaceX Data */,
				DD641EB12031760A0094B7A2 /* SpaceX DataTests */,
				DD641EBA2031760A0094B7A2 /* SpaceX Data WatchKit App */,
				DD641EC92031760A0094B7A2 /* SpaceX Data WatchKit Extension */,
			);
		};
/* End PBXProject section */

/* Begin PBXResourcesBuildPhase section */
		DD641E9C2031760A0094B7A2 /* Resources */ = {
			isa = PBXResourcesBuildPhase;
			buildActionMask = 2147483647;
			files = (
				DD641EAC2031760A0094B7A2 /* LaunchScreen.storyboard in Resources */,
				ACC3C8742136A6E80045F01D /* Assets.xcassets in Resources */,
				DD641EA72031760A0094B7A2 /* Main.storyboard in Resources */,
			);
			runOnlyForDeploymentPostprocessing = 0;
		};
		DD641EB02031760A0094B7A2 /* Resources */ = {
			isa = PBXResourcesBuildPhase;
			buildActionMask = 2147483647;
			files = (
			);
			runOnlyForDeploymentPostprocessing = 0;
		};
		DD641EB92031760A0094B7A2 /* Resources */ = {
			isa = PBXResourcesBuildPhase;
			buildActionMask = 2147483647;
			files = (
				DD641EC42031760A0094B7A2 /* Assets.xcassets in Resources */,
				DD641EC22031760A0094B7A2 /* Interface.storyboard in Resources */,
			);
			runOnlyForDeploymentPostprocessing = 0;
		};
		DD641EC82031760A0094B7A2 /* Resources */ = {
			isa = PBXResourcesBuildPhase;
			buildActionMask = 2147483647;
			files = (
				DD641ED42031760A0094B7A2 /* Assets.xcassets in Resources */,
			);
			runOnlyForDeploymentPostprocessing = 0;
		};
/* End PBXResourcesBuildPhase section */

/* Begin PBXSourcesBuildPhase section */
		DD641E9A2031760A0094B7A2 /* Sources */ = {
			isa = PBXSourcesBuildPhase;
			buildActionMask = 2147483647;
			files = (
				ACF750762122F65C00AC3E11 /* CapsulesDispatcher.swift in Sources */,
				AC88C8D5211DCE040093A813 /* CoreBooster.swift in Sources */,
				AC03BDA321245BB300FBA093 /* LaunchSite.swift in Sources */,
				AC1A5CDE203430D7000A3618 /* Response.swift in Sources */,
				AC8FA092211DA8D3009F5D9C /* SynchronizedArray.swift in Sources */,
				ACF7506B2122C68500AC3E11 /* Volume.swift in Sources */,
				ACB5EBF1216509EC004D9CC6 /* RoadsterInfoViewController.swift in Sources */,
				AC43B00A215A6D8E007B7CD8 /* MapViewViewController.swift in Sources */,
				ACD76E3F2108C88700F4CD14 /* CompositeFairing.swift in Sources */,
				AC2844592163A80200DE335C /* LaunchpadDetailViewController.swift in Sources */,
				AC7503802119D93600AED17B /* HTTPURLResponse+Extensions.swift in Sources */,
				ACA87802212574F80020DE02 /* ComparisonResult+Extensions.swift in Sources */,
				ACF3F678211D94D1007E738E /* LaunchpadsDispatcher.swift in Sources */,
				AC28445521639C8E00DE335C /* LaunchpadsViewController.swift in Sources */,
				ACF3F684211D9949007E738E /* LaunchpadRequest.swift in Sources */,
				AC93810221076A8B00880E07 /* Rocket.swift in Sources */,
				ACD76E3B2108C7D700F4CD14 /* RocketSecondStage.swift in Sources */,
				AC03BDA521245C8C00FBA093 /* LaunchInfoLinks.swift in Sources */,
				ACF3F689211DA2F9007E738E /* NetworkActivityIndicatorManager.swift in Sources */,
				AC28444C2163861B00DE335C /* ActivityIndicator.swift in Sources */,
				AC750373211859D100AED17B /* String+Extensions.swift in Sources */,
				AC88C8D0211DCD500093A813 /* CoreBoosterRequest.swift in Sources */,
				ACD76E312108B8F700F4CD14 /* Measurement.swift in Sources */,
				ACA878052125ABE90020DE02 /* LaunchRequest.swift in Sources */,
				AC88C8CC211DCB860093A813 /* DetailedItemRequest.swift in Sources */,
				AC2844492163664700DE335C /* MoreViewController.swift in Sources */,
				AC93810521076C7400880E07 /* Distance.swift in Sources */,
				ACF8C7892167A4FD0003E8FC /* SubtitleTableViewCell.swift in Sources */,
				DD641EF3203192B90094B7A2 /* Address.swift in Sources */,
				AC88C8D2211DCDBB0093A813 /* CoreBoosterDispatcher.swift in Sources */,
				ACF7506F2122CCC500AC3E11 /* Cargo.swift in Sources */,
				AC88C8D8211DD4AF0093A813 /* CoreBoostersRequest.swift in Sources */,
				ACF3F686211D9ED8007E738E /* LaunchpadDispatcher.swift in Sources */,
				AC6E46AB21820A27002C8433 /* Mission.swift in Sources */,
				AC1BDCD62122F95300148F31 /* CapsuleDetails.swift in Sources */,
				ACA5D097215A415100198669 /* CompanyInfoViewController.swift in Sources */,
				ACD76E332108C15C00F4CD14 /* PayloadWeight.swift in Sources */,
				DD641EF1203191770094B7A2 /* CompanyInfo.swift in Sources */,
				ACF750742122F62600AC3E11 /* CapsulesRequest.swift in Sources */,
				AC18E547211D94420065FBBC /* LaunchpadsRequest.swift in Sources */,
				AC78D5362121C1FE00D0EED6 /* Temperature.swift in Sources */,
				AC28445021638D4000DE335C /* UIViewController+Extensions.swift in Sources */,
				AC1BDCDE2122FDDF00148F31 /* CapsuleDetailsDispatcher.swift in Sources */,
				AC03BDAC212473CA00FBA093 /* LaunchesDispatcher.swift in Sources */,
				AC93810721076C9B00880E07 /* Mass.swift in Sources */,
				ACF3F67F211D9666007E738E /* Location.swift in Sources */,
				AC10EEB5211DD71B0093D3BE /* CoreBoostersDispatcher.swift in Sources */,
				AC78733821242CC2000F0DFC /* LaunchedRocketSecondStage.swift in Sources */,
				AC7726B321216419000A3B5A /* QueryFilter.swift in Sources */,
				ACF3F67B211D951C007E738E /* Launchpad.swift in Sources */,
				ACA878072125AC3A0020DE02 /* LaunchDispatcher.swift in Sources */,
				AC78D5342121BD2C00D0EED6 /* HeatShield.swift in Sources */,
				AC75037B2119B70D00AED17B /* RocketsRequest.swift in Sources */,
				ACD76E372108C3F700F4CD14 /* RocketStage.swift in Sources */,
				ACD76E392108C62500F4CD14 /* RocketFirstStage.swift in Sources */,
				AC1BDCE02122FE0C00148F31 /* CapsulesDetailsRequest.swift in Sources */,
				AC78733A21242CF9000F0DFC /* LaunchedPayload.swift in Sources */,
				ACDA35052034B71000A06795 /* Dispatcher.swift in Sources */,
				AC750377211866B300AED17B /* LandingLegs.swift in Sources */,
				AC03BD9F2124595B00FBA093 /* Telemetry.swift in Sources */,
				AC9380FE21076A3C00880E07 /* RocketDispatcher.swift in Sources */,
				AC78733F212434E4000F0DFC /* OrbitParameters.swift in Sources */,
				ACE2086A211B239200F27DC5 /* RoadsterInfoDispatcher.swift in Sources */,
				ACF3AD412136A172001A3FF0 /* UIColor+Extensions.swift in Sources */,
				AC1BDCE22123003D00148F31 /* CapsulesDetailsDispatcher.swift in Sources */,
				AC787336212413D7000F0DFC /* LaunchedRocketFirstStageCoreBooster.swift in Sources */,
				AC7873342124138D000F0DFC /* LaunchedRocketFirstStage.swift in Sources */,
				ACF8C7922167A8170003E8FC /* TableViewDataConfigurable.swift in Sources */,
				AC7503792119A28F00AED17B /* DateFormatter+Extensions.swift in Sources */,
				ACD76E352108C39000F4CD14 /* Thrust.swift in Sources */,
				ACE20863211B01C200F27DC5 /* RoadsterInfo.swift in Sources */,
				ACE20868211B233000F27DC5 /* RoadsterInfoRequest.swift in Sources */,
				AC1A5CE0203430F2000A3618 /* NetworkError.swift in Sources */,
				ACF8C78B2167A5200003E8FC /* RightDisclosureTableViewCell.swift in Sources */,
				ACF8C7902167A6430003E8FC /* TableViewDataRepresentable.swift in Sources */,
				AC03BDA121245A1600FBA093 /* LaunchedRocketReusedParts.swift in Sources */,
				ACE20865211B038B00F27DC5 /* Speed.swift in Sources */,
				AC03BDAA2124732E00FBA093 /* LaunchesRequest.swift in Sources */,
				ACF750792122F69100AC3E11 /* CapsuleRequest.swift in Sources */,
				AC78D5322121BB1F00D0EED6 /* Capsule.swift in Sources */,
				ACE3C89E2107224900C9EEE7 /* CompanyInfoDispatcher.swift in Sources */,
				ACB5EBEE2165064C004D9CC6 /* PlacemarkBlank.swift in Sources */,
				DD641EEA20318EFE0094B7A2 /* Request.swift in Sources */,
				AC541AAB21661CA1002220FE /* MeasurementTableViewCell.swift in Sources */,
				AC1BDCDC2122FD8C00148F31 /* CapsuleDetailsRequest.swift in Sources */,
				ACD76E3D2108C86600F4CD14 /* Payloads.swift in Sources */,
				AC75037521185DD500AED17B /* Engines.swift in Sources */,
				AC6E46A92181F003002C8433 /* TableViewData.swift in Sources */,
				AC28445221639BBB00DE335C /* NumberFormatter+Extensions.swift in Sources */,
				AC1BDCE521231D3000148F31 /* Launch.swift in Sources */,
				AC541AAF216654B3002220FE /* URLTableViewCell.swift in Sources */,
				AC9380FC2107674A00880E07 /* RocketRequests.swift in Sources */,
				ACF7507B2122F6F400AC3E11 /* CapsuleDispatcher.swift in Sources */,
				ACF7506D2122CC8300AC3E11 /* Trunk.swift in Sources */,
				ACF750692122C39600AC3E11 /* Thruster.swift in Sources */,
				DD641EA22031760A0094B7A2 /* AppDelegate.swift in Sources */,
				AC47C1C820AD83D5004C2D74 /* CompanyInfoRequest.swift in Sources */,
				AC7873322124111E000F0DFC /* LaunchedRocket.swift in Sources */,
				AC75037D2119B74700AED17B /* RocketsDispatcher.swift in Sources */,
			);
			runOnlyForDeploymentPostprocessing = 0;
		};
		DD641EAE2031760A0094B7A2 /* Sources */ = {
			isa = PBXSourcesBuildPhase;
			buildActionMask = 2147483647;
			files = (
				AC330A2F212D522400358467 /* LaunchesDispatcherTests.swift in Sources */,
				AC330A2A212C311200358467 /* CapsulesDispatcherTests.swift in Sources */,
				ACA878172125C7A20020DE02 /* ReponseTests.swift in Sources */,
				ACA878132125C1870020DE02 /* MockDecodableObject.swift in Sources */,
				ACB97868212AD14B00645D0C /* CoreBoosterDispatcherTests.swift in Sources */,
				AC330A25212C2CA800358467 /* CapsuleDetailsDispatcherTests.swift in Sources */,
				ACA8780F2125BBC50020DE02 /* MockRequest.swift in Sources */,
				ACB9786A212AD34800645D0C /* CoreBoostersDispatcherTests.swift in Sources */,
				ACB97853212AC7B000645D0C /* CompanyInfoDispatcherTests.swift in Sources */,
				ACB97862212ACFC100645D0C /* RocketsDispatcherTests.swift in Sources */,
				AC330A23212C292A00358467 /* CapsulesDetailsDispatcherTests.swift in Sources */,
				ACB97858212ACA3100645D0C /* LaunchpadDispatcherTests.swift in Sources */,
				AC330A2D212D505900358467 /* LaunchDispatcherTests.swift in Sources */,
				AC330A28212C2FFC00358467 /* CapsuleDispatcherTests.swift in Sources */,
				ACB9785A212ACDC800645D0C /* LaunchpadsDispatcherTests.swift in Sources */,
				ACB97860212ACEA300645D0C /* RocketDispatcherTests.swift in Sources */,
				ACB97865212AD0A100645D0C /* RoadsterInfoDispatcherTests.swift in Sources */,
			);
			runOnlyForDeploymentPostprocessing = 0;
		};
		DD641EC62031760A0094B7A2 /* Sources */ = {
			isa = PBXSourcesBuildPhase;
			buildActionMask = 2147483647;
			files = (
				DD641ED22031760A0094B7A2 /* ExtensionDelegate.swift in Sources */,
				DD641ED02031760A0094B7A2 /* InterfaceController.swift in Sources */,
			);
			runOnlyForDeploymentPostprocessing = 0;
		};
/* End PBXSourcesBuildPhase section */

/* Begin PBXTargetDependency section */
		DD641EB42031760A0094B7A2 /* PBXTargetDependency */ = {
			isa = PBXTargetDependency;
			target = DD641E9D2031760A0094B7A2 /* SpaceX Data */;
			targetProxy = DD641EB32031760A0094B7A2 /* PBXContainerItemProxy */;
		};
		DD641EBE2031760A0094B7A2 /* PBXTargetDependency */ = {
			isa = PBXTargetDependency;
			target = DD641EBA2031760A0094B7A2 /* SpaceX Data WatchKit App */;
			targetProxy = DD641EBD2031760A0094B7A2 /* PBXContainerItemProxy */;
		};
		DD641ECD2031760A0094B7A2 /* PBXTargetDependency */ = {
			isa = PBXTargetDependency;
			target = DD641EC92031760A0094B7A2 /* SpaceX Data WatchKit Extension */;
			targetProxy = DD641ECC2031760A0094B7A2 /* PBXContainerItemProxy */;
		};
/* End PBXTargetDependency section */

/* Begin PBXVariantGroup section */
		DD641EA52031760A0094B7A2 /* Main.storyboard */ = {
			isa = PBXVariantGroup;
			children = (
				DD641EA62031760A0094B7A2 /* Base */,
			);
			name = Main.storyboard;
			sourceTree = "<group>";
		};
		DD641EAA2031760A0094B7A2 /* LaunchScreen.storyboard */ = {
			isa = PBXVariantGroup;
			children = (
				DD641EAB2031760A0094B7A2 /* Base */,
			);
			name = LaunchScreen.storyboard;
			sourceTree = "<group>";
		};
		DD641EC02031760A0094B7A2 /* Interface.storyboard */ = {
			isa = PBXVariantGroup;
			children = (
				DD641EC12031760A0094B7A2 /* Base */,
			);
			name = Interface.storyboard;
			sourceTree = "<group>";
		};
/* End PBXVariantGroup section */

/* Begin XCBuildConfiguration section */
		DD641ED62031760A0094B7A2 /* Debug */ = {
			isa = XCBuildConfiguration;
			buildSettings = {
				ALWAYS_SEARCH_USER_PATHS = NO;
				CLANG_ANALYZER_NONNULL = YES;
				CLANG_ANALYZER_NUMBER_OBJECT_CONVERSION = YES_AGGRESSIVE;
				CLANG_CXX_LANGUAGE_STANDARD = "gnu++14";
				CLANG_CXX_LIBRARY = "libc++";
				CLANG_ENABLE_MODULES = YES;
				CLANG_ENABLE_OBJC_ARC = YES;
				CLANG_WARN_BLOCK_CAPTURE_AUTORELEASING = YES;
				CLANG_WARN_BOOL_CONVERSION = YES;
				CLANG_WARN_COMMA = YES;
				CLANG_WARN_CONSTANT_CONVERSION = YES;
				CLANG_WARN_DEPRECATED_OBJC_IMPLEMENTATIONS = YES;
				CLANG_WARN_DIRECT_OBJC_ISA_USAGE = YES_ERROR;
				CLANG_WARN_DOCUMENTATION_COMMENTS = YES;
				CLANG_WARN_EMPTY_BODY = YES;
				CLANG_WARN_ENUM_CONVERSION = YES;
				CLANG_WARN_INFINITE_RECURSION = YES;
				CLANG_WARN_INT_CONVERSION = YES;
				CLANG_WARN_NON_LITERAL_NULL_CONVERSION = YES;
				CLANG_WARN_OBJC_IMPLICIT_RETAIN_SELF = YES;
				CLANG_WARN_OBJC_LITERAL_CONVERSION = YES;
				CLANG_WARN_OBJC_ROOT_CLASS = YES_ERROR;
				CLANG_WARN_RANGE_LOOP_ANALYSIS = YES;
				CLANG_WARN_STRICT_PROTOTYPES = YES;
				CLANG_WARN_SUSPICIOUS_MOVE = YES;
				CLANG_WARN_UNGUARDED_AVAILABILITY = YES_AGGRESSIVE;
				CLANG_WARN_UNREACHABLE_CODE = YES;
				CLANG_WARN__DUPLICATE_METHOD_MATCH = YES;
				CODE_SIGN_IDENTITY = "iPhone Developer";
				COPY_PHASE_STRIP = NO;
				DEBUG_INFORMATION_FORMAT = dwarf;
				ENABLE_STRICT_OBJC_MSGSEND = YES;
				ENABLE_TESTABILITY = YES;
				GCC_C_LANGUAGE_STANDARD = gnu11;
				GCC_DYNAMIC_NO_PIC = NO;
				GCC_NO_COMMON_BLOCKS = YES;
				GCC_OPTIMIZATION_LEVEL = 0;
				GCC_PREPROCESSOR_DEFINITIONS = (
					"DEBUG=1",
					"$(inherited)",
				);
				GCC_WARN_64_TO_32_BIT_CONVERSION = YES;
				GCC_WARN_ABOUT_RETURN_TYPE = YES_ERROR;
				GCC_WARN_UNDECLARED_SELECTOR = YES;
				GCC_WARN_UNINITIALIZED_AUTOS = YES_AGGRESSIVE;
				GCC_WARN_UNUSED_FUNCTION = YES;
				GCC_WARN_UNUSED_VARIABLE = YES;
				IPHONEOS_DEPLOYMENT_TARGET = 11.2;
				MTL_ENABLE_DEBUG_INFO = YES;
				ONLY_ACTIVE_ARCH = YES;
				SDKROOT = iphoneos;
				SWIFT_ACTIVE_COMPILATION_CONDITIONS = DEBUG;
				SWIFT_OPTIMIZATION_LEVEL = "-Onone";
			};
			name = Debug;
		};
		DD641ED72031760A0094B7A2 /* Release */ = {
			isa = XCBuildConfiguration;
			buildSettings = {
				ALWAYS_SEARCH_USER_PATHS = NO;
				CLANG_ANALYZER_NONNULL = YES;
				CLANG_ANALYZER_NUMBER_OBJECT_CONVERSION = YES_AGGRESSIVE;
				CLANG_CXX_LANGUAGE_STANDARD = "gnu++14";
				CLANG_CXX_LIBRARY = "libc++";
				CLANG_ENABLE_MODULES = YES;
				CLANG_ENABLE_OBJC_ARC = YES;
				CLANG_WARN_BLOCK_CAPTURE_AUTORELEASING = YES;
				CLANG_WARN_BOOL_CONVERSION = YES;
				CLANG_WARN_COMMA = YES;
				CLANG_WARN_CONSTANT_CONVERSION = YES;
				CLANG_WARN_DEPRECATED_OBJC_IMPLEMENTATIONS = YES;
				CLANG_WARN_DIRECT_OBJC_ISA_USAGE = YES_ERROR;
				CLANG_WARN_DOCUMENTATION_COMMENTS = YES;
				CLANG_WARN_EMPTY_BODY = YES;
				CLANG_WARN_ENUM_CONVERSION = YES;
				CLANG_WARN_INFINITE_RECURSION = YES;
				CLANG_WARN_INT_CONVERSION = YES;
				CLANG_WARN_NON_LITERAL_NULL_CONVERSION = YES;
				CLANG_WARN_OBJC_IMPLICIT_RETAIN_SELF = YES;
				CLANG_WARN_OBJC_LITERAL_CONVERSION = YES;
				CLANG_WARN_OBJC_ROOT_CLASS = YES_ERROR;
				CLANG_WARN_RANGE_LOOP_ANALYSIS = YES;
				CLANG_WARN_STRICT_PROTOTYPES = YES;
				CLANG_WARN_SUSPICIOUS_MOVE = YES;
				CLANG_WARN_UNGUARDED_AVAILABILITY = YES_AGGRESSIVE;
				CLANG_WARN_UNREACHABLE_CODE = YES;
				CLANG_WARN__DUPLICATE_METHOD_MATCH = YES;
				CODE_SIGN_IDENTITY = "iPhone Developer";
				COPY_PHASE_STRIP = NO;
				DEBUG_INFORMATION_FORMAT = "dwarf-with-dsym";
				ENABLE_NS_ASSERTIONS = NO;
				ENABLE_STRICT_OBJC_MSGSEND = YES;
				GCC_C_LANGUAGE_STANDARD = gnu11;
				GCC_NO_COMMON_BLOCKS = YES;
				GCC_WARN_64_TO_32_BIT_CONVERSION = YES;
				GCC_WARN_ABOUT_RETURN_TYPE = YES_ERROR;
				GCC_WARN_UNDECLARED_SELECTOR = YES;
				GCC_WARN_UNINITIALIZED_AUTOS = YES_AGGRESSIVE;
				GCC_WARN_UNUSED_FUNCTION = YES;
				GCC_WARN_UNUSED_VARIABLE = YES;
				IPHONEOS_DEPLOYMENT_TARGET = 11.2;
				MTL_ENABLE_DEBUG_INFO = NO;
				SDKROOT = iphoneos;
				SWIFT_OPTIMIZATION_LEVEL = "-Owholemodule";
				VALIDATE_PRODUCT = YES;
			};
			name = Release;
		};
		DD641ED92031760A0094B7A2 /* Debug */ = {
			isa = XCBuildConfiguration;
			buildSettings = {
				ASSETCATALOG_COMPILER_COMPLICATION_NAME = Complication;
				CODE_SIGN_STYLE = Automatic;
				DEVELOPMENT_TEAM = 2WAAGJTSWL;
				INFOPLIST_FILE = "SpaceX Data WatchKit Extension/Info.plist";
				LD_RUNPATH_SEARCH_PATHS = "$(inherited) @executable_path/Frameworks @executable_path/../../Frameworks";
				PRODUCT_BUNDLE_IDENTIFIER = "com.vadimrupets.SpaceX-Data.watchkitapp.watchkitextension";
				PRODUCT_NAME = "${TARGET_NAME}";
				SDKROOT = watchos;
				SKIP_INSTALL = YES;
				SWIFT_VERSION = 4.2;
				TARGETED_DEVICE_FAMILY = 4;
				WATCHOS_DEPLOYMENT_TARGET = 4.2;
			};
			name = Debug;
		};
		DD641EDA2031760A0094B7A2 /* Release */ = {
			isa = XCBuildConfiguration;
			buildSettings = {
				ASSETCATALOG_COMPILER_COMPLICATION_NAME = Complication;
				CODE_SIGN_STYLE = Automatic;
				DEVELOPMENT_TEAM = 2WAAGJTSWL;
				INFOPLIST_FILE = "SpaceX Data WatchKit Extension/Info.plist";
				LD_RUNPATH_SEARCH_PATHS = "$(inherited) @executable_path/Frameworks @executable_path/../../Frameworks";
				PRODUCT_BUNDLE_IDENTIFIER = "com.vadimrupets.SpaceX-Data.watchkitapp.watchkitextension";
				PRODUCT_NAME = "${TARGET_NAME}";
				SDKROOT = watchos;
				SKIP_INSTALL = YES;
				SWIFT_VERSION = 4.2;
				TARGETED_DEVICE_FAMILY = 4;
				WATCHOS_DEPLOYMENT_TARGET = 4.2;
			};
			name = Release;
		};
		DD641EDD2031760A0094B7A2 /* Debug */ = {
			isa = XCBuildConfiguration;
			buildSettings = {
				ALWAYS_EMBED_SWIFT_STANDARD_LIBRARIES = YES;
				ASSETCATALOG_COMPILER_APPICON_NAME = AppIcon;
				CODE_SIGN_STYLE = Automatic;
				DEVELOPMENT_TEAM = 2WAAGJTSWL;
				IBSC_MODULE = SpaceX_Data_WatchKit_Extension;
				INFOPLIST_FILE = "SpaceX Data WatchKit App/Info.plist";
				PRODUCT_BUNDLE_IDENTIFIER = "com.vadimrupets.SpaceX-Data.watchkitapp";
				PRODUCT_NAME = "$(TARGET_NAME)";
				SDKROOT = watchos;
				SKIP_INSTALL = YES;
				SWIFT_VERSION = 4.0;
				TARGETED_DEVICE_FAMILY = 4;
				WATCHOS_DEPLOYMENT_TARGET = 4.2;
			};
			name = Debug;
		};
		DD641EDE2031760A0094B7A2 /* Release */ = {
			isa = XCBuildConfiguration;
			buildSettings = {
				ALWAYS_EMBED_SWIFT_STANDARD_LIBRARIES = YES;
				ASSETCATALOG_COMPILER_APPICON_NAME = AppIcon;
				CODE_SIGN_STYLE = Automatic;
				DEVELOPMENT_TEAM = 2WAAGJTSWL;
				IBSC_MODULE = SpaceX_Data_WatchKit_Extension;
				INFOPLIST_FILE = "SpaceX Data WatchKit App/Info.plist";
				PRODUCT_BUNDLE_IDENTIFIER = "com.vadimrupets.SpaceX-Data.watchkitapp";
				PRODUCT_NAME = "$(TARGET_NAME)";
				SDKROOT = watchos;
				SKIP_INSTALL = YES;
				SWIFT_VERSION = 4.0;
				TARGETED_DEVICE_FAMILY = 4;
				WATCHOS_DEPLOYMENT_TARGET = 4.2;
			};
			name = Release;
		};
		DD641EE12031760A0094B7A2 /* Debug */ = {
			isa = XCBuildConfiguration;
			buildSettings = {
				ASSETCATALOG_COMPILER_APPICON_NAME = AppIcon;
				CODE_SIGN_STYLE = Automatic;
				DEVELOPMENT_TEAM = 2WAAGJTSWL;
				INFOPLIST_FILE = "SpaceX Data/Info.plist";
				LD_RUNPATH_SEARCH_PATHS = "$(inherited) @executable_path/Frameworks";
				PRODUCT_BUNDLE_IDENTIFIER = "com.vadimrupets.SpaceX-Data";
				PRODUCT_NAME = "$(TARGET_NAME)";
				SWIFT_VERSION = 4.2;
				TARGETED_DEVICE_FAMILY = "1,2";
			};
			name = Debug;
		};
		DD641EE22031760A0094B7A2 /* Release */ = {
			isa = XCBuildConfiguration;
			buildSettings = {
				ASSETCATALOG_COMPILER_APPICON_NAME = AppIcon;
				CODE_SIGN_STYLE = Automatic;
				DEVELOPMENT_TEAM = 2WAAGJTSWL;
				INFOPLIST_FILE = "SpaceX Data/Info.plist";
				LD_RUNPATH_SEARCH_PATHS = "$(inherited) @executable_path/Frameworks";
				PRODUCT_BUNDLE_IDENTIFIER = "com.vadimrupets.SpaceX-Data";
				PRODUCT_NAME = "$(TARGET_NAME)";
				SWIFT_VERSION = 4.2;
				TARGETED_DEVICE_FAMILY = "1,2";
			};
			name = Release;
		};
		DD641EE42031760A0094B7A2 /* Debug */ = {
			isa = XCBuildConfiguration;
			buildSettings = {
				ALWAYS_EMBED_SWIFT_STANDARD_LIBRARIES = YES;
				BUNDLE_LOADER = "$(TEST_HOST)";
				CODE_SIGN_STYLE = Automatic;
				DEVELOPMENT_TEAM = 2WAAGJTSWL;
				INFOPLIST_FILE = "SpaceX DataTests/Info.plist";
				LD_RUNPATH_SEARCH_PATHS = "$(inherited) @executable_path/Frameworks @loader_path/Frameworks";
				PRODUCT_BUNDLE_IDENTIFIER = "com.vadimrupets.SpaceX-DataTests";
				PRODUCT_NAME = "$(TARGET_NAME)";
				SWIFT_VERSION = 4.2;
				TARGETED_DEVICE_FAMILY = "1,2";
				TEST_HOST = "$(BUILT_PRODUCTS_DIR)/SpaceX Data.app/SpaceX Data";
			};
			name = Debug;
		};
		DD641EE52031760A0094B7A2 /* Release */ = {
			isa = XCBuildConfiguration;
			buildSettings = {
				ALWAYS_EMBED_SWIFT_STANDARD_LIBRARIES = YES;
				BUNDLE_LOADER = "$(TEST_HOST)";
				CODE_SIGN_STYLE = Automatic;
				DEVELOPMENT_TEAM = 2WAAGJTSWL;
				INFOPLIST_FILE = "SpaceX DataTests/Info.plist";
				LD_RUNPATH_SEARCH_PATHS = "$(inherited) @executable_path/Frameworks @loader_path/Frameworks";
				PRODUCT_BUNDLE_IDENTIFIER = "com.vadimrupets.SpaceX-DataTests";
				PRODUCT_NAME = "$(TARGET_NAME)";
				SWIFT_VERSION = 4.2;
				TARGETED_DEVICE_FAMILY = "1,2";
				TEST_HOST = "$(BUILT_PRODUCTS_DIR)/SpaceX Data.app/SpaceX Data";
			};
			name = Release;
		};
/* End XCBuildConfiguration section */

/* Begin XCConfigurationList section */
		DD641E992031760A0094B7A2 /* Build configuration list for PBXProject "SpaceX Data" */ = {
			isa = XCConfigurationList;
			buildConfigurations = (
				DD641ED62031760A0094B7A2 /* Debug */,
				DD641ED72031760A0094B7A2 /* Release */,
			);
			defaultConfigurationIsVisible = 0;
			defaultConfigurationName = Release;
		};
		DD641ED82031760A0094B7A2 /* Build configuration list for PBXNativeTarget "SpaceX Data WatchKit Extension" */ = {
			isa = XCConfigurationList;
			buildConfigurations = (
				DD641ED92031760A0094B7A2 /* Debug */,
				DD641EDA2031760A0094B7A2 /* Release */,
			);
			defaultConfigurationIsVisible = 0;
			defaultConfigurationName = Release;
		};
		DD641EDC2031760A0094B7A2 /* Build configuration list for PBXNativeTarget "SpaceX Data WatchKit App" */ = {
			isa = XCConfigurationList;
			buildConfigurations = (
				DD641EDD2031760A0094B7A2 /* Debug */,
				DD641EDE2031760A0094B7A2 /* Release */,
			);
			defaultConfigurationIsVisible = 0;
			defaultConfigurationName = Release;
		};
		DD641EE02031760A0094B7A2 /* Build configuration list for PBXNativeTarget "SpaceX Data" */ = {
			isa = XCConfigurationList;
			buildConfigurations = (
				DD641EE12031760A0094B7A2 /* Debug */,
				DD641EE22031760A0094B7A2 /* Release */,
			);
			defaultConfigurationIsVisible = 0;
			defaultConfigurationName = Release;
		};
		DD641EE32031760A0094B7A2 /* Build configuration list for PBXNativeTarget "SpaceX DataTests" */ = {
			isa = XCConfigurationList;
			buildConfigurations = (
				DD641EE42031760A0094B7A2 /* Debug */,
				DD641EE52031760A0094B7A2 /* Release */,
			);
			defaultConfigurationIsVisible = 0;
			defaultConfigurationName = Release;
		};
/* End XCConfigurationList section */
	};
	rootObject = DD641E962031760A0094B7A2 /* Project object */;
}
